// !$*UTF8*$!
{
	archiveVersion = 1;
	classes = {
	};
	objectVersion = 77;
	objects = {

/* Begin PBXBuildFile section */
		03A62E2D08DF9037D1ED20F3 /* RealtimeDownlinkPlayback.swift in Sources */ = {isa = PBXBuildFile; fileRef = 4C41457A27FD24A41133AFFE /* RealtimeDownlinkPlayback.swift */; };
		06514EB08E697AAAEEA6F10A /* ResultNotificationPolicy.swift in Sources */ = {isa = PBXBuildFile; fileRef = 13475F099EA8ADC39FB4651D /* ResultNotificationPolicy.swift */; };
		06E2F65AB24A39F35B1CB39D /* RuntimeSessionPolicy.swift in Sources */ = {isa = PBXBuildFile; fileRef = 2B644F4BEAE260E21C555E9E /* RuntimeSessionPolicy.swift */; };
		070E69DBE697BF3DE0503A23 /* ResultNotifier.swift in Sources */ = {isa = PBXBuildFile; fileRef = 797588258D8FFBB69B05BB71 /* ResultNotifier.swift */; };
		0B14BB8E0DE371AE0274D4F9 /* PhoneConnectivity.swift in Sources */ = {isa = PBXBuildFile; fileRef = 08AB0CED9CE83E1BB446A82C /* PhoneConnectivity.swift */; };
		101BD3B5E0F900E18D2C7B6A /* VoiceStreamChunkMessage.swift in Sources */ = {isa = PBXBuildFile; fileRef = ECD1DB988318EDCB4DD695B6 /* VoiceStreamChunkMessage.swift */; };
		16999EF5199C5B5E800A83B8 /* VoiceRequestEnvelope.swift in Sources */ = {isa = PBXBuildFile; fileRef = 16A065FFB735532D201B2183 /* VoiceRequestEnvelope.swift */; };
		18C00E8A4DDBDF394954DE30 /* WatchStreamReceiver.swift in Sources */ = {isa = PBXBuildFile; fileRef = 825EC2CED4ACE4E583D94864 /* WatchStreamReceiver.swift */; };
		1B71100DEDD4B210D28AE0A1 /* DownlinkBacklogHintTests.swift in Sources */ = {isa = PBXBuildFile; fileRef = 1FE6DCDF59808F848A03798D /* DownlinkBacklogHintTests.swift */; };
		1B82F586343739AA4F419D21 /* ErrorCueCatalog.swift in Sources */ = {isa = PBXBuildFile; fileRef = 3A74603EEEBF6327940BB0BE /* ErrorCueCatalog.swift */; };
		1D8114C1A144A1E06C7938A4 /* ErrorCue_Generic.m4a in Resources */ = {isa = PBXBuildFile; fileRef = 082465840BA4F405D5850B27 /* ErrorCue_Generic.m4a */; };
		1DEEC7DB7C45672A9EE48707 /* RealtimeMediaSession.swift in Sources */ = {isa = PBXBuildFile; fileRef = 49D1CFEB2C03FAA07DA192C1 /* RealtimeMediaSession.swift */; };
		1DF752190D2F7A81145E12C8 /* WatchHaptics.swift in Sources */ = {isa = PBXBuildFile; fileRef = 7D32404639DC13C1A992EC83 /* WatchHaptics.swift */; };
		1E4C2CF87BA6A4A921EBA7E1 /* WatchDebugSettings.swift in Sources */ = {isa = PBXBuildFile; fileRef = 8A1B0A3BF7CF87587B6FF3EB /* WatchDebugSettings.swift */; };
		1EF906148F17573C9B7D948E /* BuildFingerprint.swift in Sources */ = {isa = PBXBuildFile; fileRef = 32C8DAF30CCFE15F09A5351A /* BuildFingerprint.swift */; };
		20A0B47A1FB2A2099BE53146 /* VoiceStatusEnvelope.swift in Sources */ = {isa = PBXBuildFile; fileRef = 0EAD7935F2F128D8408C210F /* VoiceStatusEnvelope.swift */; };
		24ABA6464E98C3CA60DE366E /* WristAgent Watch App.app in Embed Watch Content */ = {isa = PBXBuildFile; fileRef = 2E88D71F4696224E69D652E8 /* WristAgent Watch App.app */; settings = {ATTRIBUTES = (RemoveHeadersOnCopy, ); }; };
		2531E7416965A3AFE0797407 /* VoiceRequestEnvelope.swift in Sources */ = {isa = PBXBuildFile; fileRef = 16A065FFB735532D201B2183 /* VoiceRequestEnvelope.swift */; };
		2600C4D0F1086887A7E1B04A /* ConversationTimelineView.swift in Sources */ = {isa = PBXBuildFile; fileRef = 8D4D9B7BAB821EF5BEF00394 /* ConversationTimelineView.swift */; };
		26780BEBF601751525AE9BDD /* SubtitleScript.swift in Sources */ = {isa = PBXBuildFile; fileRef = C426A9FB7C2456FD57F1BA1E /* SubtitleScript.swift */; };
		28EA2E815D8252770E3221F1 /* Assets.xcassets in Resources */ = {isa = PBXBuildFile; fileRef = 67C6A03628F073DFB7BD92CF /* Assets.xcassets */; };
		293E9641FC4B28984DCC0CF9 /* AudioSessionPolicy.swift in Sources */ = {isa = PBXBuildFile; fileRef = CC3ECBAA9A62DE9AED7C9C34 /* AudioSessionPolicy.swift */; };
		2A378D7F61247334FF9CE66A /* RealtimePlaybackEngine.swift in Sources */ = {isa = PBXBuildFile; fileRef = 5C77CA501A013873CA471BBC /* RealtimePlaybackEngine.swift */; };
		2A6D5FCC43F0BC317088A28B /* WatchRealtimeMediaAdapter.swift in Sources */ = {isa = PBXBuildFile; fileRef = D270E5D7D1369F80F38C115A /* WatchRealtimeMediaAdapter.swift */; };
		2A9E736342EF755E3A8DA8AF /* Assets.xcassets in Resources */ = {isa = PBXBuildFile; fileRef = 2E4C7D8E5213EE0C04CA8BEC /* Assets.xcassets */; };
		2AFB7EE475338CDAB23D6E85 /* VoiceOrbView.swift in Sources */ = {isa = PBXBuildFile; fileRef = 8CA853AA557CCC08A3446DED /* VoiceOrbView.swift */; };
		2BE4825B9DE1357E0469CED7 /* SpeechPlayer.swift in Sources */ = {isa = PBXBuildFile; fileRef = 7669A09014913EDDEC887BBE /* SpeechPlayer.swift */; };
		2FF25EEB3BCA3688BCB58468 /* ProcessingCopyThresholdTests.swift in Sources */ = {isa = PBXBuildFile; fileRef = 0FA650F428590FCA9FAA371A /* ProcessingCopyThresholdTests.swift */; };
		3094CD00C51EF6746AEB7C98 /* RealtimeBridgeWireCodec.swift in Sources */ = {isa = PBXBuildFile; fileRef = 1B1609E87036B6E0CEFB8C95 /* RealtimeBridgeWireCodec.swift */; };
		3213E1FAF48D79262E5EA9FC /* CompanionContentView.swift in Sources */ = {isa = PBXBuildFile; fileRef = 9A2CDFE23539DF4DB5ADDAF7 /* CompanionContentView.swift */; };
		3216F8C5F4A8D25615A5F8E4 /* ResultNotificationPolicy.swift in Sources */ = {isa = PBXBuildFile; fileRef = 13475F099EA8ADC39FB4651D /* ResultNotificationPolicy.swift */; };
		34140BE278C262CF0BACEABE /* EncryptedAudioVault.swift in Sources */ = {isa = PBXBuildFile; fileRef = F7C56A17FC91DC667B51B7D6 /* EncryptedAudioVault.swift */; };
		34523D43C35817094DA2E618 /* PermissionRequestView.swift in Sources */ = {isa = PBXBuildFile; fileRef = F0D0D96E379DBB5414F01FA7 /* PermissionRequestView.swift */; };
		3679C158DB9AD81045389B1A /* VoiceRequestInbox.swift in Sources */ = {isa = PBXBuildFile; fileRef = 1AB8CD6D695437D845CE87AF /* VoiceRequestInbox.swift */; };
		3720FA2BBC2A5376CB24FD23 /* VoiceOutbox.swift in Sources */ = {isa = PBXBuildFile; fileRef = CB7ABFE8DE51D05121E27317 /* VoiceOutbox.swift */; };
		389212E3DA6FAA59F9910D22 /* SelfCheckPolicy.swift in Sources */ = {isa = PBXBuildFile; fileRef = 5781515B605FE09873311309 /* SelfCheckPolicy.swift */; };
		3AC49353250C083758E9D4DA /* ErrorCue_AudioTooShort.m4a in Resources */ = {isa = PBXBuildFile; fileRef = D0D77E1443D17416407EACA7 /* ErrorCue_AudioTooShort.m4a */; };
		3BED828277BCE6296AFDC424 /* PlaybackRecoveryPolicy.swift in Sources */ = {isa = PBXBuildFile; fileRef = 905294A59B10050708A50FBF /* PlaybackRecoveryPolicy.swift */; };
		3F6EA24FB3A3B46BD00BC2D0 /* WristAgentApp.swift in Sources */ = {isa = PBXBuildFile; fileRef = 36A3DD675D9E3E4CDC7C7C5A /* WristAgentApp.swift */; };
		402E9DC1E4E2E918917E9B58 /* WatchSettingsStore.swift in Sources */ = {isa = PBXBuildFile; fileRef = C85D18E0360A2A1EBDF04975 /* WatchSettingsStore.swift */; };
		41214906A025D5C1E7C4ECA9 /* SecureTokenStore.swift in Sources */ = {isa = PBXBuildFile; fileRef = CC28E8D4A89C399924568EEB /* SecureTokenStore.swift */; };
		414956366089B530CE9C6F98 /* RetryRecordingStore.swift in Sources */ = {isa = PBXBuildFile; fileRef = 88E0836FA054B69DBE4F3E16 /* RetryRecordingStore.swift */; };
		42DFE528414D5974292532FB /* WatchLogShipper.swift in Sources */ = {isa = PBXBuildFile; fileRef = DA80AE8DA7716EC314B4D3C7 /* WatchLogShipper.swift */; };
		47214BF51DB6B0A517CC8C63 /* ErrorCue_TranscriptDiscarded.m4a in Resources */ = {isa = PBXBuildFile; fileRef = B4ABFE757D618285BCA3C777 /* ErrorCue_TranscriptDiscarded.m4a */; };
		486B5477826ED3933D89132E /* ClientLog.swift in Sources */ = {isa = PBXBuildFile; fileRef = 234EBF336FF2F9724F289524 /* ClientLog.swift */; };
		487F199E241E68A3B8696D31 /* WristAgentWatchApp.swift in Sources */ = {isa = PBXBuildFile; fileRef = C10B09D1AD3BA287A3856E6E /* WristAgentWatchApp.swift */; };
		4EACD0A9A1C336AA8BCB6677 /* VoiceTurnState.swift in Sources */ = {isa = PBXBuildFile; fileRef = F928ACBF6FA59402D5EB1275 /* VoiceTurnState.swift */; };
		54817C157F20C92848363962 /* ConversationHistory.swift in Sources */ = {isa = PBXBuildFile; fileRef = E92A4F28175D63C6FBD62D7E /* ConversationHistory.swift */; };
		59EF7588E503BBA5DF84681B /* UUIDv7.swift in Sources */ = {isa = PBXBuildFile; fileRef = E36424AC38F0A8BB28751248 /* UUIDv7.swift */; };
		5B434395A63D5C4B37CCFD72 /* VoiceTurnJournal.swift in Sources */ = {isa = PBXBuildFile; fileRef = C6F558DCDF4B9CA8F0BA2E2D /* VoiceTurnJournal.swift */; };
		5DE908AEFD1FB51FD79565BA /* PlaybackEndgameChainTests.swift in Sources */ = {isa = PBXBuildFile; fileRef = 5CAC488B088EEC6542FF5CAB /* PlaybackEndgameChainTests.swift */; };
		5E9988BFEA3673DAA88C1F70 /* PushToTalkController.swift in Sources */ = {isa = PBXBuildFile; fileRef = 7FB53D6920928D88D7BE6631 /* PushToTalkController.swift */; };
		5FC7E0538B77B76B1A1E55BE /* PersistHelper.swift in Sources */ = {isa = PBXBuildFile; fileRef = 827B4FDF631BEBEFA13118A9 /* PersistHelper.swift */; };
		6367A07D0292627141725AB1 /* VoiceTurnState.swift in Sources */ = {isa = PBXBuildFile; fileRef = F928ACBF6FA59402D5EB1275 /* VoiceTurnState.swift */; };
		6430DBD9D8E4A5E8D6567B0D /* PushToTalkDeferredFallbackTests.swift in Sources */ = {isa = PBXBuildFile; fileRef = 2F07106FBFCBFC4FE539B6E5 /* PushToTalkDeferredFallbackTests.swift */; };
		68EF687B6F0F17A356355833 /* SpeechPlayerReleaseTests.swift in Sources */ = {isa = PBXBuildFile; fileRef = AAD9BD4DBA7700C65F134EF3 /* SpeechPlayerReleaseTests.swift */; };
		6B6BB598A338463642687ADC /* SelfCheckYieldBarrierTests.swift in Sources */ = {isa = PBXBuildFile; fileRef = CE83A54EC29559337BA73D64 /* SelfCheckYieldBarrierTests.swift */; };
		6FB34EA4C12FC1D5FFE06F94 /* WatchSettingsView.swift in Sources */ = {isa = PBXBuildFile; fileRef = 1DAF03C2F2C11D4CBC8D9587 /* WatchSettingsView.swift */; };
		7045B87E2347FCA6BB2FFE4F /* ErrorCue_VoiceBusy.m4a in Resources */ = {isa = PBXBuildFile; fileRef = 69D850E7D15B7525D07D9DBF /* ErrorCue_VoiceBusy.m4a */; };
		707A59AAF2C9619F3909A162 /* RecorderErrorCopyTests.swift in Sources */ = {isa = PBXBuildFile; fileRef = DD573B88FBB9CCE341ED1513 /* RecorderErrorCopyTests.swift */; };
		7249351A21B20AAC649807D9 /* RealtimeMediaFormat.swift in Sources */ = {isa = PBXBuildFile; fileRef = 1CEDAB5F3CD7B29B993F0FA2 /* RealtimeMediaFormat.swift */; };
		72AEE3274DC1730DAB22022E /* VoiceTurnJournal.swift in Sources */ = {isa = PBXBuildFile; fileRef = C6F558DCDF4B9CA8F0BA2E2D /* VoiceTurnJournal.swift */; };
		72E757EA3A1C9DBEF705D3A5 /* VoiceStatusEnvelope.swift in Sources */ = {isa = PBXBuildFile; fileRef = 0EAD7935F2F128D8408C210F /* VoiceStatusEnvelope.swift */; };
		74339B1DE6A6C27DBE1885DD /* ClientLog.swift in Sources */ = {isa = PBXBuildFile; fileRef = 234EBF336FF2F9724F289524 /* ClientLog.swift */; };
		7522A68DCE1692BE3EC03F18 /* PlaybackRecoveryPolicy.swift in Sources */ = {isa = PBXBuildFile; fileRef = 905294A59B10050708A50FBF /* PlaybackRecoveryPolicy.swift */; };
		770DB683BEC61B9851F2B0D1 /* WatchDownlinkOutbox.swift in Sources */ = {isa = PBXBuildFile; fileRef = CA60FA5DC7EA82EC5729B54B /* WatchDownlinkOutbox.swift */; };
		7787B4B28677EFC96B299E8D /* RealtimeMediaFormat.swift in Sources */ = {isa = PBXBuildFile; fileRef = 1CEDAB5F3CD7B29B993F0FA2 /* RealtimeMediaFormat.swift */; };
		7C465E62628112B008899B51 /* SpeechPlayerInterruptionTests.swift in Sources */ = {isa = PBXBuildFile; fileRef = 0D83133781FDC42821BB13DF /* SpeechPlayerInterruptionTests.swift */; };
		7CBCA51C89D61E95EAD52B9D /* SelfCheck.swift in Sources */ = {isa = PBXBuildFile; fileRef = B9D95B86CF79B5796D5EA9DC /* SelfCheck.swift */; };
		7CD3A14FB1B8F7A79D40B608 /* SpeechPlayerUserInterruptTests.swift in Sources */ = {isa = PBXBuildFile; fileRef = C8BFD3B8E68CD0ED9C78C500 /* SpeechPlayerUserInterruptTests.swift */; };
		7CE7CD69630867506FAD3360 /* VoiceRequestInbox.swift in Sources */ = {isa = PBXBuildFile; fileRef = 1AB8CD6D695437D845CE87AF /* VoiceRequestInbox.swift */; };
		7D85664D09122BF9A31C2ED4 /* ErrorCue_MicPermission.m4a in Resources */ = {isa = PBXBuildFile; fileRef = E50FB76863F935EDDBC6FAF9 /* ErrorCue_MicPermission.m4a */; };
		7E75E969A72336DBE618BEBE /* VoiceInteractionCue.swift in Sources */ = {isa = PBXBuildFile; fileRef = D70795CA9CC1B496467FE2B8 /* VoiceInteractionCue.swift */; };
		7F172712436C104970B3035C /* VoiceRelayWire.swift in Sources */ = {isa = PBXBuildFile; fileRef = 035DF4EEFBF9F540A0B791F7 /* VoiceRelayWire.swift */; };
		82B50E90942BDC1117375BB7 /* MainStatusCopy.swift in Sources */ = {isa = PBXBuildFile; fileRef = C608A2AC1FA2B2981F7EB790 /* MainStatusCopy.swift */; };
		87589EC57C16EFE13A79738E /* RealtimeMediaSession.swift in Sources */ = {isa = PBXBuildFile; fileRef = 49D1CFEB2C03FAA07DA192C1 /* RealtimeMediaSession.swift */; };
		88162BC2A9F5ADF2F56E6246 /* PlaybackEndgamePolicy.swift in Sources */ = {isa = PBXBuildFile; fileRef = 9F3363DB5FB9EF9FF44F0744 /* PlaybackEndgamePolicy.swift */; };
		8A5EEAA528E32C9DAB749BFD /* AudioSessionPolicy.swift in Sources */ = {isa = PBXBuildFile; fileRef = CC3ECBAA9A62DE9AED7C9C34 /* AudioSessionPolicy.swift */; };
		8D74BBCA5601E569150562B6 /* PhoneHistoryViews.swift in Sources */ = {isa = PBXBuildFile; fileRef = D0A1CA98E116775B1257DB33 /* PhoneHistoryViews.swift */; };
		8E707FCD5F8E34356AF80305 /* WatchDownlinkOutbox.swift in Sources */ = {isa = PBXBuildFile; fileRef = CA60FA5DC7EA82EC5729B54B /* WatchDownlinkOutbox.swift */; };
		8E7B08D7721A06F71A5C9644 /* ResultPlaybackLedger.swift in Sources */ = {isa = PBXBuildFile; fileRef = 52E037554E3E0CDA3ACF1D0B /* ResultPlaybackLedger.swift */; };
		8F4051EBF66E54755D3D60AA /* RelayFailureProjectionTests.swift in Sources */ = {isa = PBXBuildFile; fileRef = 559D5444BA1268D4BD66556B /* RelayFailureProjectionTests.swift */; };
		8FF97CA8FB1939F6B782BCAC /* WatchAppDelegate.swift in Sources */ = {isa = PBXBuildFile; fileRef = B1CE1503A0D6F97C52A835D5 /* WatchAppDelegate.swift */; };
		90F8E3490182A852E51E21D5 /* RetryRecordingStore.swift in Sources */ = {isa = PBXBuildFile; fileRef = 88E0836FA054B69DBE4F3E16 /* RetryRecordingStore.swift */; };
		91EA78B6C755DACBB9576676 /* SubtitlePlaybackView.swift in Sources */ = {isa = PBXBuildFile; fileRef = 385A7BF623716F8B230FD7E7 /* SubtitlePlaybackView.swift */; };
		95171100A79B4FD51C92AF73 /* AudioRecorderHandoverTests.swift in Sources */ = {isa = PBXBuildFile; fileRef = 0DAD45847A8F17F8D430ACB9 /* AudioRecorderHandoverTests.swift */; };
		954F45FCF33EA311254AEDDF /* RealtimeUplinkStream.swift in Sources */ = {isa = PBXBuildFile; fileRef = D57D9FD3BB121F4AAB879ACF /* RealtimeUplinkStream.swift */; };
		97AFD9059AF401EBE72670D9 /* PersistHelper.swift in Sources */ = {isa = PBXBuildFile; fileRef = 827B4FDF631BEBEFA13118A9 /* PersistHelper.swift */; };
		9907DDC5D22A3F0DF92F6985 /* VoiceStreamProtocol.swift in Sources */ = {isa = PBXBuildFile; fileRef = E86C631B9730FD0A3CB91448 /* VoiceStreamProtocol.swift */; };
		9C4B6375FC6A420DF38989E9 /* VoiceStreamProtocol.swift in Sources */ = {isa = PBXBuildFile; fileRef = E86C631B9730FD0A3CB91448 /* VoiceStreamProtocol.swift */; };
		9CC8DFCBBBA03E71A76FA9BB /* RealtimePlaybackReceiptTracker.swift in Sources */ = {isa = PBXBuildFile; fileRef = 716B2884D666AEE57BA6AB37 /* RealtimePlaybackReceiptTracker.swift */; };
		9FCAF92E7F4BAF6D75258EC3 /* AvatarErrorCardView.swift in Sources */ = {isa = PBXBuildFile; fileRef = 38CFFC49761BA3D8F3C402C8 /* AvatarErrorCardView.swift */; };
		9FE3E5082197E2851CD75F30 /* WatchVoiceTransport.swift in Sources */ = {isa = PBXBuildFile; fileRef = F16E394DC77EF14BAE142B32 /* WatchVoiceTransport.swift */; };
		A3BFF832F44C4739239AB662 /* WatchDebugSettingsTests.swift in Sources */ = {isa = PBXBuildFile; fileRef = 50DEF68818AC545EED28B44F /* WatchDebugSettingsTests.swift */; };
		A74A27941BC416F02C965D17 /* BuildFingerprint.swift in Sources */ = {isa = PBXBuildFile; fileRef = 32C8DAF30CCFE15F09A5351A /* BuildFingerprint.swift */; };
		A766A36C146CEA01CE487911 /* WatchStreamReceiverTests.swift in Sources */ = {isa = PBXBuildFile; fileRef = 5B3297717E736F5BC5E44F85 /* WatchStreamReceiverTests.swift */; };
		A7E57A17426B0BB822699784 /* PCMFrameRecorder.swift in Sources */ = {isa = PBXBuildFile; fileRef = EE8FF24E8524ECAAAF5021D9 /* PCMFrameRecorder.swift */; };
		A9E722341F5CCE1CCF5D65CD /* WelcomeSpeech.m4a in Resources */ = {isa = PBXBuildFile; fileRef = 4872AA5D7D68F48548C7ABF5 /* WelcomeSpeech.m4a */; };
		AB03B7110AD0AB3696A9E607 /* ResultPlaybackLedger.swift in Sources */ = {isa = PBXBuildFile; fileRef = 52E037554E3E0CDA3ACF1D0B /* ResultPlaybackLedger.swift */; };
		AB38F702523DAB57ECDB758F /* AudioRecorder.swift in Sources */ = {isa = PBXBuildFile; fileRef = 98840DEEAC5DA7B6F8FCC628 /* AudioRecorder.swift */; };
		AC284F28E28E5427A577455B /* AgentModels.swift in Sources */ = {isa = PBXBuildFile; fileRef = CB1D464D47EC34B55A8C8411 /* AgentModels.swift */; };
		ADA9DA139E2F37E309F1C70C /* RealtimeMediaWireFormat.swift in Sources */ = {isa = PBXBuildFile; fileRef = 63B4FAFE429B15682CA5E9F8 /* RealtimeMediaWireFormat.swift */; };
		AEAE756BC7E01FD8165CEA95 /* ErrorCue_PhoneUnreachable.m4a in Resources */ = {isa = PBXBuildFile; fileRef = 49F7F018CE9F39B238D4E85D /* ErrorCue_PhoneUnreachable.m4a */; };
		AF4B996A0E38234DCEE5FC09 /* WatchLog.swift in Sources */ = {isa = PBXBuildFile; fileRef = DDF08FF1AA89A3FD36122100 /* WatchLog.swift */; };
		AFAD025D181738E8D93753BB /* SelfCheckLatestOutcomeTests.swift in Sources */ = {isa = PBXBuildFile; fileRef = 10796288EEC2915673662B9E /* SelfCheckLatestOutcomeTests.swift */; };
		AFE89128B354D801AA7BF512 /* RealtimePlaybackReceiptTracker.swift in Sources */ = {isa = PBXBuildFile; fileRef = 716B2884D666AEE57BA6AB37 /* RealtimePlaybackReceiptTracker.swift */; };
		B16D51DE77210C44933FBD3B /* ErrorCue_README.md in Resources */ = {isa = PBXBuildFile; fileRef = 44E84C0EE7746687AFA3A75F /* ErrorCue_README.md */; };
		B338F411DD25A0ACA401E4DD /* WatchRealtimeMediaAdapterTests.swift in Sources */ = {isa = PBXBuildFile; fileRef = DADB09FEF300D41C2F68E5BA /* WatchRealtimeMediaAdapterTests.swift */; };
		B61FF83E4DCF49ED91557083 /* EncryptedAudioVault.swift in Sources */ = {isa = PBXBuildFile; fileRef = F7C56A17FC91DC667B51B7D6 /* EncryptedAudioVault.swift */; };
		B6585933C8D51C2E81B72056 /* RealtimeUplinkStream.swift in Sources */ = {isa = PBXBuildFile; fileRef = D57D9FD3BB121F4AAB879ACF /* RealtimeUplinkStream.swift */; };
		B8341DE12C11F07793D54054 /* MainStatusCopy.swift in Sources */ = {isa = PBXBuildFile; fileRef = C608A2AC1FA2B2981F7EB790 /* MainStatusCopy.swift */; };
		BD58016CCCEA3B35C68B307A /* AvatarErrorPresenterTests.swift in Sources */ = {isa = PBXBuildFile; fileRef = CA9DA8A923948AE9124C19F9 /* AvatarErrorPresenterTests.swift */; };
		BE736ADFC210C176CA197273 /* VoiceOrbModeTests.swift in Sources */ = {isa = PBXBuildFile; fileRef = F9C49719F53E734FE041D10B /* VoiceOrbModeTests.swift */; };
		BF1A28E74E549CDAB4F6DB58 /* VoiceRelayEvents.swift in Sources */ = {isa = PBXBuildFile; fileRef = C58AEB9B4C54F952DFC96AB2 /* VoiceRelayEvents.swift */; };
		C2DD31347EF19DFDA9187ABB /* PhoneRealtimeSession.swift in Sources */ = {isa = PBXBuildFile; fileRef = F824A2078CC9EF4E32AEA011 /* PhoneRealtimeSession.swift */; };
		C2FE93AC9C1274EE211A3714 /* WelcomeGreeter.swift in Sources */ = {isa = PBXBuildFile; fileRef = F9FA489FA1C53D0A43298601 /* WelcomeGreeter.swift */; };
		C3D8984AB14E3ECEB93542E0 /* OpenWristAgentIntent.swift in Sources */ = {isa = PBXBuildFile; fileRef = 8F9C01710FDC8C90D754460F /* OpenWristAgentIntent.swift */; };
		C8D3D2E8D0626D66145B3C31 /* RealtimeDownlinkPlayback.swift in Sources */ = {isa = PBXBuildFile; fileRef = 4C41457A27FD24A41133AFFE /* RealtimeDownlinkPlayback.swift */; };
		CCB3BBBEF6EAB9DDD84249E5 /* AvatarErrorPresenter.swift in Sources */ = {isa = PBXBuildFile; fileRef = 448AA6286D0C4ACA51DC8ADD /* AvatarErrorPresenter.swift */; };
		CD555D87536F29C54A475DFB /* BridgeTurnProjection.swift in Sources */ = {isa = PBXBuildFile; fileRef = 5A61F7EAFB8A0CCF3D03F1D2 /* BridgeTurnProjection.swift */; };
		CEA31973C29CBFC9511A3BAB /* PlaybackEndgamePolicy.swift in Sources */ = {isa = PBXBuildFile; fileRef = 9F3363DB5FB9EF9FF44F0744 /* PlaybackEndgamePolicy.swift */; };
		CFE0EF1FB0CD60D2CA12A03B /* SelfCheckPolicy.swift in Sources */ = {isa = PBXBuildFile; fileRef = 5781515B605FE09873311309 /* SelfCheckPolicy.swift */; };
		D23E8DF58407ADEEE6F36F3A /* SubtitleScript.swift in Sources */ = {isa = PBXBuildFile; fileRef = C426A9FB7C2456FD57F1BA1E /* SubtitleScript.swift */; };
		D3EFA8AA982DB431C5827917 /* ErrorCue_Retryable.m4a in Resources */ = {isa = PBXBuildFile; fileRef = 96150E5C8428B98CF5C6765B /* ErrorCue_Retryable.m4a */; };
		D482537406EC7EC94069E3AF /* WristAgentPhoneRelay.swift in Sources */ = {isa = PBXBuildFile; fileRef = 79F87E24A5046DA1229304B2 /* WristAgentPhoneRelay.swift */; };
		D51204118681270691727D4C /* SpeechPlayerInterruptionEvidenceTests.swift in Sources */ = {isa = PBXBuildFile; fileRef = 9FDE52A8C1B2854E4646A286 /* SpeechPlayerInterruptionEvidenceTests.swift */; };
		D646FBAAC6F5F67130E21FB0 /* PhoneRealtimeWebSocketTransport.swift in Sources */ = {isa = PBXBuildFile; fileRef = 670B3104058BFB1235409EF2 /* PhoneRealtimeWebSocketTransport.swift */; };
		D73937DBAF6A7155D9CDC698 /* VoiceStreamChunkMessage.swift in Sources */ = {isa = PBXBuildFile; fileRef = ECD1DB988318EDCB4DD695B6 /* VoiceStreamChunkMessage.swift */; };
		D9B1A7DECC44E46204E0FFF3 /* UUIDv7.swift in Sources */ = {isa = PBXBuildFile; fileRef = E36424AC38F0A8BB28751248 /* UUIDv7.swift */; };
		DADA85367CAACD55C3514A81 /* CompanionSettings.swift in Sources */ = {isa = PBXBuildFile; fileRef = 0DFA30C0EEFD46DDC835A5B6 /* CompanionSettings.swift */; };
		DB80EDC167861AB3B3CBA4A3 /* ErrorCue_ManualConfirm.m4a in Resources */ = {isa = PBXBuildFile; fileRef = F14D22D8B591237BDD4F6527 /* ErrorCue_ManualConfirm.m4a */; };
		DBB557451505CF70C8CAEE41 /* PushToTalkStreamingGateTests.swift in Sources */ = {isa = PBXBuildFile; fileRef = 52E1C676ADCA9D6C63FF73AD /* PushToTalkStreamingGateTests.swift */; };
		DBE963FE2EC46A5678CC5122 /* AudioRecorderDurationTests.swift in Sources */ = {isa = PBXBuildFile; fileRef = 24DF76CA9FD4F1F5347735D9 /* AudioRecorderDurationTests.swift */; };
		E0C092AAB8EB860FC6D5A0B7 /* AgentModels.swift in Sources */ = {isa = PBXBuildFile; fileRef = CB1D464D47EC34B55A8C8411 /* AgentModels.swift */; };
		E1EB77C2B2AFD2E3C00EC110 /* VoiceSessionKeeper.swift in Sources */ = {isa = PBXBuildFile; fileRef = D0E2B5FAE82F1D44C2C36616 /* VoiceSessionKeeper.swift */; };
		E67E11F4044782400305330E /* WatchContentView.swift in Sources */ = {isa = PBXBuildFile; fileRef = 937C17EC6A16413E34C276A2 /* WatchContentView.swift */; };
		E817250A3DAFD3D2F889876B /* BridgeTurnProjection.swift in Sources */ = {isa = PBXBuildFile; fileRef = 5A61F7EAFB8A0CCF3D03F1D2 /* BridgeTurnProjection.swift */; };
		E9BABA745F521D5A45E84D50 /* RealtimeBridgeWireCodec.swift in Sources */ = {isa = PBXBuildFile; fileRef = 1B1609E87036B6E0CEFB8C95 /* RealtimeBridgeWireCodec.swift */; };
		ECA89E26FFC474C089D1802D /* RealtimeMediaWireFormat.swift in Sources */ = {isa = PBXBuildFile; fileRef = 63B4FAFE429B15682CA5E9F8 /* RealtimeMediaWireFormat.swift */; };
		ECB4DA3B894FC346061B54D4 /* ErrorCue_TextOnly.m4a in Resources */ = {isa = PBXBuildFile; fileRef = 57F64DE4D4F59AFD226CD234 /* ErrorCue_TextOnly.m4a */; };
		EFF14C832245DFFF4D10E97F /* VoiceRelayWire.swift in Sources */ = {isa = PBXBuildFile; fileRef = 035DF4EEFBF9F540A0B791F7 /* VoiceRelayWire.swift */; };
		F085E299171F674D4D155E09 /* SecureTokenStore.swift in Sources */ = {isa = PBXBuildFile; fileRef = CC28E8D4A89C399924568EEB /* SecureTokenStore.swift */; };
		F0F7837AE17D55F9D65F291C /* VoiceInteractionCue.swift in Sources */ = {isa = PBXBuildFile; fileRef = D70795CA9CC1B496467FE2B8 /* VoiceInteractionCue.swift */; };
		F37461CE8CBFD3BCF3959F2D /* RuntimeSessionPolicy.swift in Sources */ = {isa = PBXBuildFile; fileRef = 2B644F4BEAE260E21C555E9E /* RuntimeSessionPolicy.swift */; };
		FB1CEDBA1C036BC17C6BEF2C /* IphoneRelayStuckHintTests.swift in Sources */ = {isa = PBXBuildFile; fileRef = 7C39EB1E56AB7E26A9E4F72C /* IphoneRelayStuckHintTests.swift */; };
		FCCCB7F77DC433EB43795922 /* ErrorCue_RealtimeStalled.m4a in Resources */ = {isa = PBXBuildFile; fileRef = 01965DB663A6353C9F367FFF /* ErrorCue_RealtimeStalled.m4a */; };
		FD2534104A35901AC28B604D /* VoiceRelayEvents.swift in Sources */ = {isa = PBXBuildFile; fileRef = C58AEB9B4C54F952DFC96AB2 /* VoiceRelayEvents.swift */; };
		FD6002847EC794CD155710D5 /* VoiceOutbox.swift in Sources */ = {isa = PBXBuildFile; fileRef = CB7ABFE8DE51D05121E27317 /* VoiceOutbox.swift */; };
		FF0CBF3B2F165CCB9D3F426C /* ConversationHistory.swift in Sources */ = {isa = PBXBuildFile; fileRef = E92A4F28175D63C6FBD62D7E /* ConversationHistory.swift */; };
		FF6E483DDC04EDE981F240A3 /* ClientLogUplink.swift in Sources */ = {isa = PBXBuildFile; fileRef = BF28D500590D9DF5BF4D748A /* ClientLogUplink.swift */; };
		FFC6B09DA5B4296BAC67C690 /* ErrorCueCatalog.swift in Sources */ = {isa = PBXBuildFile; fileRef = 3A74603EEEBF6327940BB0BE /* ErrorCueCatalog.swift */; };
/* End PBXBuildFile section */

/* Begin PBXContainerItemProxy section */
		3ABDD484832A2B8AC012AB10 /* PBXContainerItemProxy */ = {
			isa = PBXContainerItemProxy;
			containerPortal = 85B21323A96B25B07A518363 /* Project object */;
			proxyType = 1;
			remoteGlobalIDString = 3B9F782E44A10D91CA405688;
			remoteInfo = "WristAgent Watch App";
		};
		5C0E5E45E54971F12131FC3A /* PBXContainerItemProxy */ = {
			isa = PBXContainerItemProxy;
			containerPortal = 85B21323A96B25B07A518363 /* Project object */;
			proxyType = 1;
			remoteGlobalIDString = 3B9F782E44A10D91CA405688;
			remoteInfo = "WristAgent Watch App";
		};
/* End PBXContainerItemProxy section */

/* Begin PBXCopyFilesBuildPhase section */
		AF1FC1576001107B475D1B07 /* Embed Watch Content */ = {
			isa = PBXCopyFilesBuildPhase;
			buildActionMask = 2147483647;
			dstPath = "$(CONTENTS_FOLDER_PATH)/Watch";
			dstSubfolderSpec = 16;
			files = (
				24ABA6464E98C3CA60DE366E /* WristAgent Watch App.app in Embed Watch Content */,
			);
			name = "Embed Watch Content";
			runOnlyForDeploymentPostprocessing = 0;
		};
/* End PBXCopyFilesBuildPhase section */

/* Begin PBXFileReference section */
		01965DB663A6353C9F367FFF /* ErrorCue_RealtimeStalled.m4a */ = {isa = PBXFileReference; path = ErrorCue_RealtimeStalled.m4a; sourceTree = "<group>"; };
		035DF4EEFBF9F540A0B791F7 /* VoiceRelayWire.swift */ = {isa = PBXFileReference; lastKnownFileType = sourcecode.swift; path = VoiceRelayWire.swift; sourceTree = "<group>"; };
		082465840BA4F405D5850B27 /* ErrorCue_Generic.m4a */ = {isa = PBXFileReference; path = ErrorCue_Generic.m4a; sourceTree = "<group>"; };
		08AB0CED9CE83E1BB446A82C /* PhoneConnectivity.swift */ = {isa = PBXFileReference; lastKnownFileType = sourcecode.swift; path = PhoneConnectivity.swift; sourceTree = "<group>"; };
		0BA9A4A00B136A1EF90FC2D9 /* WristAgent.entitlements */ = {isa = PBXFileReference; lastKnownFileType = text.plist.entitlements; path = WristAgent.entitlements; sourceTree = "<group>"; };
		0D83133781FDC42821BB13DF /* SpeechPlayerInterruptionTests.swift */ = {isa = PBXFileReference; lastKnownFileType = sourcecode.swift; path = SpeechPlayerInterruptionTests.swift; sourceTree = "<group>"; };
		0DAD45847A8F17F8D430ACB9 /* AudioRecorderHandoverTests.swift */ = {isa = PBXFileReference; lastKnownFileType = sourcecode.swift; path = AudioRecorderHandoverTests.swift; sourceTree = "<group>"; };
		0DFA30C0EEFD46DDC835A5B6 /* CompanionSettings.swift */ = {isa = PBXFileReference; lastKnownFileType = sourcecode.swift; path = CompanionSettings.swift; sourceTree = "<group>"; };
		0EAD7935F2F128D8408C210F /* VoiceStatusEnvelope.swift */ = {isa = PBXFileReference; lastKnownFileType = sourcecode.swift; path = VoiceStatusEnvelope.swift; sourceTree = "<group>"; };
		0FA650F428590FCA9FAA371A /* ProcessingCopyThresholdTests.swift */ = {isa = PBXFileReference; lastKnownFileType = sourcecode.swift; path = ProcessingCopyThresholdTests.swift; sourceTree = "<group>"; };
		10796288EEC2915673662B9E /* SelfCheckLatestOutcomeTests.swift */ = {isa = PBXFileReference; lastKnownFileType = sourcecode.swift; path = SelfCheckLatestOutcomeTests.swift; sourceTree = "<group>"; };
		13475F099EA8ADC39FB4651D /* ResultNotificationPolicy.swift */ = {isa = PBXFileReference; lastKnownFileType = sourcecode.swift; path = ResultNotificationPolicy.swift; sourceTree = "<group>"; };
		13F51C6DCBABB59C404B307D /* Info.plist */ = {isa = PBXFileReference; lastKnownFileType = text.plist; path = Info.plist; sourceTree = "<group>"; };
		16A065FFB735532D201B2183 /* VoiceRequestEnvelope.swift */ = {isa = PBXFileReference; lastKnownFileType = sourcecode.swift; path = VoiceRequestEnvelope.swift; sourceTree = "<group>"; };
		1AB8CD6D695437D845CE87AF /* VoiceRequestInbox.swift */ = {isa = PBXFileReference; lastKnownFileType = sourcecode.swift; path = VoiceRequestInbox.swift; sourceTree = "<group>"; };
		1B1609E87036B6E0CEFB8C95 /* RealtimeBridgeWireCodec.swift */ = {isa = PBXFileReference; lastKnownFileType = sourcecode.swift; path = RealtimeBridgeWireCodec.swift; sourceTree = "<group>"; };
		1CEDAB5F3CD7B29B993F0FA2 /* RealtimeMediaFormat.swift */ = {isa = PBXFileReference; lastKnownFileType = sourcecode.swift; path = RealtimeMediaFormat.swift; sourceTree = "<group>"; };
		1DAF03C2F2C11D4CBC8D9587 /* WatchSettingsView.swift */ = {isa = PBXFileReference; lastKnownFileType = sourcecode.swift; path = WatchSettingsView.swift; sourceTree = "<group>"; };
		1FE6DCDF59808F848A03798D /* DownlinkBacklogHintTests.swift */ = {isa = PBXFileReference; lastKnownFileType = sourcecode.swift; path = DownlinkBacklogHintTests.swift; sourceTree = "<group>"; };
		234EBF336FF2F9724F289524 /* ClientLog.swift */ = {isa = PBXFileReference; lastKnownFileType = sourcecode.swift; path = ClientLog.swift; sourceTree = "<group>"; };
		24DF76CA9FD4F1F5347735D9 /* AudioRecorderDurationTests.swift */ = {isa = PBXFileReference; lastKnownFileType = sourcecode.swift; path = AudioRecorderDurationTests.swift; sourceTree = "<group>"; };
		2B644F4BEAE260E21C555E9E /* RuntimeSessionPolicy.swift */ = {isa = PBXFileReference; lastKnownFileType = sourcecode.swift; path = RuntimeSessionPolicy.swift; sourceTree = "<group>"; };
		2E4C7D8E5213EE0C04CA8BEC /* Assets.xcassets */ = {isa = PBXFileReference; lastKnownFileType = folder.assetcatalog; path = Assets.xcassets; sourceTree = "<group>"; };
		2E88D71F4696224E69D652E8 /* WristAgent Watch App.app */ = {isa = PBXFileReference; explicitFileType = wrapper.application; includeInIndex = 0; path = "WristAgent Watch App.app"; sourceTree = BUILT_PRODUCTS_DIR; };
		2F07106FBFCBFC4FE539B6E5 /* PushToTalkDeferredFallbackTests.swift */ = {isa = PBXFileReference; lastKnownFileType = sourcecode.swift; path = PushToTalkDeferredFallbackTests.swift; sourceTree = "<group>"; };
		32C8DAF30CCFE15F09A5351A /* BuildFingerprint.swift */ = {isa = PBXFileReference; lastKnownFileType = sourcecode.swift; path = BuildFingerprint.swift; sourceTree = "<group>"; };
		36A3DD675D9E3E4CDC7C7C5A /* WristAgentApp.swift */ = {isa = PBXFileReference; lastKnownFileType = sourcecode.swift; path = WristAgentApp.swift; sourceTree = "<group>"; };
		385A7BF623716F8B230FD7E7 /* SubtitlePlaybackView.swift */ = {isa = PBXFileReference; lastKnownFileType = sourcecode.swift; path = SubtitlePlaybackView.swift; sourceTree = "<group>"; };
		38CFFC49761BA3D8F3C402C8 /* AvatarErrorCardView.swift */ = {isa = PBXFileReference; lastKnownFileType = sourcecode.swift; path = AvatarErrorCardView.swift; sourceTree = "<group>"; };
		3A74603EEEBF6327940BB0BE /* ErrorCueCatalog.swift */ = {isa = PBXFileReference; lastKnownFileType = sourcecode.swift; path = ErrorCueCatalog.swift; sourceTree = "<group>"; };
		448AA6286D0C4ACA51DC8ADD /* AvatarErrorPresenter.swift */ = {isa = PBXFileReference; lastKnownFileType = sourcecode.swift; path = AvatarErrorPresenter.swift; sourceTree = "<group>"; };
		44E84C0EE7746687AFA3A75F /* ErrorCue_README.md */ = {isa = PBXFileReference; lastKnownFileType = net.daringfireball.markdown; path = ErrorCue_README.md; sourceTree = "<group>"; };
		4872AA5D7D68F48548C7ABF5 /* WelcomeSpeech.m4a */ = {isa = PBXFileReference; path = WelcomeSpeech.m4a; sourceTree = "<group>"; };
		49D1CFEB2C03FAA07DA192C1 /* RealtimeMediaSession.swift */ = {isa = PBXFileReference; lastKnownFileType = sourcecode.swift; path = RealtimeMediaSession.swift; sourceTree = "<group>"; };
		49F7F018CE9F39B238D4E85D /* ErrorCue_PhoneUnreachable.m4a */ = {isa = PBXFileReference; path = ErrorCue_PhoneUnreachable.m4a; sourceTree = "<group>"; };
		4C41457A27FD24A41133AFFE /* RealtimeDownlinkPlayback.swift */ = {isa = PBXFileReference; lastKnownFileType = sourcecode.swift; path = RealtimeDownlinkPlayback.swift; sourceTree = "<group>"; };
		50DEF68818AC545EED28B44F /* WatchDebugSettingsTests.swift */ = {isa = PBXFileReference; lastKnownFileType = sourcecode.swift; path = WatchDebugSettingsTests.swift; sourceTree = "<group>"; };
		52E037554E3E0CDA3ACF1D0B /* ResultPlaybackLedger.swift */ = {isa = PBXFileReference; lastKnownFileType = sourcecode.swift; path = ResultPlaybackLedger.swift; sourceTree = "<group>"; };
		52E1C676ADCA9D6C63FF73AD /* PushToTalkStreamingGateTests.swift */ = {isa = PBXFileReference; lastKnownFileType = sourcecode.swift; path = PushToTalkStreamingGateTests.swift; sourceTree = "<group>"; };
		53B51BD6D2B825F5E3E2A727 /* WristAgent Watch Tests.xctest */ = {isa = PBXFileReference; explicitFileType = wrapper.cfbundle; includeInIndex = 0; path = "WristAgent Watch Tests.xctest"; sourceTree = BUILT_PRODUCTS_DIR; };
		559D5444BA1268D4BD66556B /* RelayFailureProjectionTests.swift */ = {isa = PBXFileReference; lastKnownFileType = sourcecode.swift; path = RelayFailureProjectionTests.swift; sourceTree = "<group>"; };
		5781515B605FE09873311309 /* SelfCheckPolicy.swift */ = {isa = PBXFileReference; lastKnownFileType = sourcecode.swift; path = SelfCheckPolicy.swift; sourceTree = "<group>"; };
		57F64DE4D4F59AFD226CD234 /* ErrorCue_TextOnly.m4a */ = {isa = PBXFileReference; path = ErrorCue_TextOnly.m4a; sourceTree = "<group>"; };
		5A61F7EAFB8A0CCF3D03F1D2 /* BridgeTurnProjection.swift */ = {isa = PBXFileReference; lastKnownFileType = sourcecode.swift; path = BridgeTurnProjection.swift; sourceTree = "<group>"; };
		5B3297717E736F5BC5E44F85 /* WatchStreamReceiverTests.swift */ = {isa = PBXFileReference; lastKnownFileType = sourcecode.swift; path = WatchStreamReceiverTests.swift; sourceTree = "<group>"; };
		5C77CA501A013873CA471BBC /* RealtimePlaybackEngine.swift */ = {isa = PBXFileReference; lastKnownFileType = sourcecode.swift; path = RealtimePlaybackEngine.swift; sourceTree = "<group>"; };
		5CAC488B088EEC6542FF5CAB /* PlaybackEndgameChainTests.swift */ = {isa = PBXFileReference; lastKnownFileType = sourcecode.swift; path = PlaybackEndgameChainTests.swift; sourceTree = "<group>"; };
		63B4FAFE429B15682CA5E9F8 /* RealtimeMediaWireFormat.swift */ = {isa = PBXFileReference; lastKnownFileType = sourcecode.swift; path = RealtimeMediaWireFormat.swift; sourceTree = "<group>"; };
		670B3104058BFB1235409EF2 /* PhoneRealtimeWebSocketTransport.swift */ = {isa = PBXFileReference; lastKnownFileType = sourcecode.swift; path = PhoneRealtimeWebSocketTransport.swift; sourceTree = "<group>"; };
		67C6A03628F073DFB7BD92CF /* Assets.xcassets */ = {isa = PBXFileReference; lastKnownFileType = folder.assetcatalog; path = Assets.xcassets; sourceTree = "<group>"; };
		69D850E7D15B7525D07D9DBF /* ErrorCue_VoiceBusy.m4a */ = {isa = PBXFileReference; path = ErrorCue_VoiceBusy.m4a; sourceTree = "<group>"; };
		6AE6645A23368CC50DBD7CCE /* WristAgent.app */ = {isa = PBXFileReference; includeInIndex = 0; lastKnownFileType = wrapper.application; path = WristAgent.app; sourceTree = BUILT_PRODUCTS_DIR; };
		716B2884D666AEE57BA6AB37 /* RealtimePlaybackReceiptTracker.swift */ = {isa = PBXFileReference; lastKnownFileType = sourcecode.swift; path = RealtimePlaybackReceiptTracker.swift; sourceTree = "<group>"; };
		7669A09014913EDDEC887BBE /* SpeechPlayer.swift */ = {isa = PBXFileReference; lastKnownFileType = sourcecode.swift; path = SpeechPlayer.swift; sourceTree = "<group>"; };
		797588258D8FFBB69B05BB71 /* ResultNotifier.swift */ = {isa = PBXFileReference; lastKnownFileType = sourcecode.swift; path = ResultNotifier.swift; sourceTree = "<group>"; };
		79F87E24A5046DA1229304B2 /* WristAgentPhoneRelay.swift */ = {isa = PBXFileReference; lastKnownFileType = sourcecode.swift; path = WristAgentPhoneRelay.swift; sourceTree = "<group>"; };
		7C39EB1E56AB7E26A9E4F72C /* IphoneRelayStuckHintTests.swift */ = {isa = PBXFileReference; lastKnownFileType = sourcecode.swift; path = IphoneRelayStuckHintTests.swift; sourceTree = "<group>"; };
		7D32404639DC13C1A992EC83 /* WatchHaptics.swift */ = {isa = PBXFileReference; lastKnownFileType = sourcecode.swift; path = WatchHaptics.swift; sourceTree = "<group>"; };
		7FB53D6920928D88D7BE6631 /* PushToTalkController.swift */ = {isa = PBXFileReference; lastKnownFileType = sourcecode.swift; path = PushToTalkController.swift; sourceTree = "<group>"; };
		825EC2CED4ACE4E583D94864 /* WatchStreamReceiver.swift */ = {isa = PBXFileReference; lastKnownFileType = sourcecode.swift; path = WatchStreamReceiver.swift; sourceTree = "<group>"; };
		827B4FDF631BEBEFA13118A9 /* PersistHelper.swift */ = {isa = PBXFileReference; lastKnownFileType = sourcecode.swift; path = PersistHelper.swift; sourceTree = "<group>"; };
		837F0B1D0B26EA8AFCAAC4A0 /* WristAgentWatch.entitlements */ = {isa = PBXFileReference; lastKnownFileType = text.plist.entitlements; path = WristAgentWatch.entitlements; sourceTree = "<group>"; };
		88E0836FA054B69DBE4F3E16 /* RetryRecordingStore.swift */ = {isa = PBXFileReference; lastKnownFileType = sourcecode.swift; path = RetryRecordingStore.swift; sourceTree = "<group>"; };
		8A1B0A3BF7CF87587B6FF3EB /* WatchDebugSettings.swift */ = {isa = PBXFileReference; lastKnownFileType = sourcecode.swift; path = WatchDebugSettings.swift; sourceTree = "<group>"; };
		8CA853AA557CCC08A3446DED /* VoiceOrbView.swift */ = {isa = PBXFileReference; lastKnownFileType = sourcecode.swift; path = VoiceOrbView.swift; sourceTree = "<group>"; };
		8D4D9B7BAB821EF5BEF00394 /* ConversationTimelineView.swift */ = {isa = PBXFileReference; lastKnownFileType = sourcecode.swift; path = ConversationTimelineView.swift; sourceTree = "<group>"; };
		8F9C01710FDC8C90D754460F /* OpenWristAgentIntent.swift */ = {isa = PBXFileReference; lastKnownFileType = sourcecode.swift; path = OpenWristAgentIntent.swift; sourceTree = "<group>"; };
		905294A59B10050708A50FBF /* PlaybackRecoveryPolicy.swift */ = {isa = PBXFileReference; lastKnownFileType = sourcecode.swift; path = PlaybackRecoveryPolicy.swift; sourceTree = "<group>"; };
		937C17EC6A16413E34C276A2 /* WatchContentView.swift */ = {isa = PBXFileReference; lastKnownFileType = sourcecode.swift; path = WatchContentView.swift; sourceTree = "<group>"; };
		96150E5C8428B98CF5C6765B /* ErrorCue_Retryable.m4a */ = {isa = PBXFileReference; path = ErrorCue_Retryable.m4a; sourceTree = "<group>"; };
		98840DEEAC5DA7B6F8FCC628 /* AudioRecorder.swift */ = {isa = PBXFileReference; lastKnownFileType = sourcecode.swift; path = AudioRecorder.swift; sourceTree = "<group>"; };
		9A2CDFE23539DF4DB5ADDAF7 /* CompanionContentView.swift */ = {isa = PBXFileReference; lastKnownFileType = sourcecode.swift; path = CompanionContentView.swift; sourceTree = "<group>"; };
		9F3363DB5FB9EF9FF44F0744 /* PlaybackEndgamePolicy.swift */ = {isa = PBXFileReference; lastKnownFileType = sourcecode.swift; path = PlaybackEndgamePolicy.swift; sourceTree = "<group>"; };
		9FDE52A8C1B2854E4646A286 /* SpeechPlayerInterruptionEvidenceTests.swift */ = {isa = PBXFileReference; lastKnownFileType = sourcecode.swift; path = SpeechPlayerInterruptionEvidenceTests.swift; sourceTree = "<group>"; };
		AAD9BD4DBA7700C65F134EF3 /* SpeechPlayerReleaseTests.swift */ = {isa = PBXFileReference; lastKnownFileType = sourcecode.swift; path = SpeechPlayerReleaseTests.swift; sourceTree = "<group>"; };
		B1CE1503A0D6F97C52A835D5 /* WatchAppDelegate.swift */ = {isa = PBXFileReference; lastKnownFileType = sourcecode.swift; path = WatchAppDelegate.swift; sourceTree = "<group>"; };
		B4ABFE757D618285BCA3C777 /* ErrorCue_TranscriptDiscarded.m4a */ = {isa = PBXFileReference; path = ErrorCue_TranscriptDiscarded.m4a; sourceTree = "<group>"; };
		B9D95B86CF79B5796D5EA9DC /* SelfCheck.swift */ = {isa = PBXFileReference; lastKnownFileType = sourcecode.swift; path = SelfCheck.swift; sourceTree = "<group>"; };
		BF28D500590D9DF5BF4D748A /* ClientLogUplink.swift */ = {isa = PBXFileReference; lastKnownFileType = sourcecode.swift; path = ClientLogUplink.swift; sourceTree = "<group>"; };
		C10B09D1AD3BA287A3856E6E /* WristAgentWatchApp.swift */ = {isa = PBXFileReference; lastKnownFileType = sourcecode.swift; path = WristAgentWatchApp.swift; sourceTree = "<group>"; };
		C426A9FB7C2456FD57F1BA1E /* SubtitleScript.swift */ = {isa = PBXFileReference; lastKnownFileType = sourcecode.swift; path = SubtitleScript.swift; sourceTree = "<group>"; };
		C58AEB9B4C54F952DFC96AB2 /* VoiceRelayEvents.swift */ = {isa = PBXFileReference; lastKnownFileType = sourcecode.swift; path = VoiceRelayEvents.swift; sourceTree = "<group>"; };
		C608A2AC1FA2B2981F7EB790 /* MainStatusCopy.swift */ = {isa = PBXFileReference; lastKnownFileType = sourcecode.swift; path = MainStatusCopy.swift; sourceTree = "<group>"; };
		C6F558DCDF4B9CA8F0BA2E2D /* VoiceTurnJournal.swift */ = {isa = PBXFileReference; lastKnownFileType = sourcecode.swift; path = VoiceTurnJournal.swift; sourceTree = "<group>"; };
		C85D18E0360A2A1EBDF04975 /* WatchSettingsStore.swift */ = {isa = PBXFileReference; lastKnownFileType = sourcecode.swift; path = WatchSettingsStore.swift; sourceTree = "<group>"; };
		C8BFD3B8E68CD0ED9C78C500 /* SpeechPlayerUserInterruptTests.swift */ = {isa = PBXFileReference; lastKnownFileType = sourcecode.swift; path = SpeechPlayerUserInterruptTests.swift; sourceTree = "<group>"; };
		CA60FA5DC7EA82EC5729B54B /* WatchDownlinkOutbox.swift */ = {isa = PBXFileReference; lastKnownFileType = sourcecode.swift; path = WatchDownlinkOutbox.swift; sourceTree = "<group>"; };
		CA9DA8A923948AE9124C19F9 /* AvatarErrorPresenterTests.swift */ = {isa = PBXFileReference; lastKnownFileType = sourcecode.swift; path = AvatarErrorPresenterTests.swift; sourceTree = "<group>"; };
		CB1D464D47EC34B55A8C8411 /* AgentModels.swift */ = {isa = PBXFileReference; lastKnownFileType = sourcecode.swift; path = AgentModels.swift; sourceTree = "<group>"; };
		CB7ABFE8DE51D05121E27317 /* VoiceOutbox.swift */ = {isa = PBXFileReference; lastKnownFileType = sourcecode.swift; path = VoiceOutbox.swift; sourceTree = "<group>"; };
		CC28E8D4A89C399924568EEB /* SecureTokenStore.swift */ = {isa = PBXFileReference; lastKnownFileType = sourcecode.swift; path = SecureTokenStore.swift; sourceTree = "<group>"; };
		CC3ECBAA9A62DE9AED7C9C34 /* AudioSessionPolicy.swift */ = {isa = PBXFileReference; lastKnownFileType = sourcecode.swift; path = AudioSessionPolicy.swift; sourceTree = "<group>"; };
		CE83A54EC29559337BA73D64 /* SelfCheckYieldBarrierTests.swift */ = {isa = PBXFileReference; lastKnownFileType = sourcecode.swift; path = SelfCheckYieldBarrierTests.swift; sourceTree = "<group>"; };
		D0A1CA98E116775B1257DB33 /* PhoneHistoryViews.swift */ = {isa = PBXFileReference; lastKnownFileType = sourcecode.swift; path = PhoneHistoryViews.swift; sourceTree = "<group>"; };
		D0D77E1443D17416407EACA7 /* ErrorCue_AudioTooShort.m4a */ = {isa = PBXFileReference; path = ErrorCue_AudioTooShort.m4a; sourceTree = "<group>"; };
		D0E2B5FAE82F1D44C2C36616 /* VoiceSessionKeeper.swift */ = {isa = PBXFileReference; lastKnownFileType = sourcecode.swift; path = VoiceSessionKeeper.swift; sourceTree = "<group>"; };
		D270E5D7D1369F80F38C115A /* WatchRealtimeMediaAdapter.swift */ = {isa = PBXFileReference; lastKnownFileType = sourcecode.swift; path = WatchRealtimeMediaAdapter.swift; sourceTree = "<group>"; };
		D57D9FD3BB121F4AAB879ACF /* RealtimeUplinkStream.swift */ = {isa = PBXFileReference; lastKnownFileType = sourcecode.swift; path = RealtimeUplinkStream.swift; sourceTree = "<group>"; };
		D70795CA9CC1B496467FE2B8 /* VoiceInteractionCue.swift */ = {isa = PBXFileReference; lastKnownFileType = sourcecode.swift; path = VoiceInteractionCue.swift; sourceTree = "<group>"; };
		DA80AE8DA7716EC314B4D3C7 /* WatchLogShipper.swift */ = {isa = PBXFileReference; lastKnownFileType = sourcecode.swift; path = WatchLogShipper.swift; sourceTree = "<group>"; };
		DADB09FEF300D41C2F68E5BA /* WatchRealtimeMediaAdapterTests.swift */ = {isa = PBXFileReference; lastKnownFileType = sourcecode.swift; path = WatchRealtimeMediaAdapterTests.swift; sourceTree = "<group>"; };
		DD573B88FBB9CCE341ED1513 /* RecorderErrorCopyTests.swift */ = {isa = PBXFileReference; lastKnownFileType = sourcecode.swift; path = RecorderErrorCopyTests.swift; sourceTree = "<group>"; };
		DDF08FF1AA89A3FD36122100 /* WatchLog.swift */ = {isa = PBXFileReference; lastKnownFileType = sourcecode.swift; path = WatchLog.swift; sourceTree = "<group>"; };
		DE20A46446B578002D231E7D /* Info.plist */ = {isa = PBXFileReference; lastKnownFileType = text.plist; path = Info.plist; sourceTree = "<group>"; };
		E36424AC38F0A8BB28751248 /* UUIDv7.swift */ = {isa = PBXFileReference; lastKnownFileType = sourcecode.swift; path = UUIDv7.swift; sourceTree = "<group>"; };
		E50FB76863F935EDDBC6FAF9 /* ErrorCue_MicPermission.m4a */ = {isa = PBXFileReference; path = ErrorCue_MicPermission.m4a; sourceTree = "<group>"; };
		E86C631B9730FD0A3CB91448 /* VoiceStreamProtocol.swift */ = {isa = PBXFileReference; lastKnownFileType = sourcecode.swift; path = VoiceStreamProtocol.swift; sourceTree = "<group>"; };
		E92A4F28175D63C6FBD62D7E /* ConversationHistory.swift */ = {isa = PBXFileReference; lastKnownFileType = sourcecode.swift; path = ConversationHistory.swift; sourceTree = "<group>"; };
		ECD1DB988318EDCB4DD695B6 /* VoiceStreamChunkMessage.swift */ = {isa = PBXFileReference; lastKnownFileType = sourcecode.swift; path = VoiceStreamChunkMessage.swift; sourceTree = "<group>"; };
		EE8FF24E8524ECAAAF5021D9 /* PCMFrameRecorder.swift */ = {isa = PBXFileReference; lastKnownFileType = sourcecode.swift; path = PCMFrameRecorder.swift; sourceTree = "<group>"; };
		F0D0D96E379DBB5414F01FA7 /* PermissionRequestView.swift */ = {isa = PBXFileReference; lastKnownFileType = sourcecode.swift; path = PermissionRequestView.swift; sourceTree = "<group>"; };
		F14D22D8B591237BDD4F6527 /* ErrorCue_ManualConfirm.m4a */ = {isa = PBXFileReference; path = ErrorCue_ManualConfirm.m4a; sourceTree = "<group>"; };
		F16E394DC77EF14BAE142B32 /* WatchVoiceTransport.swift */ = {isa = PBXFileReference; lastKnownFileType = sourcecode.swift; path = WatchVoiceTransport.swift; sourceTree = "<group>"; };
		F7C56A17FC91DC667B51B7D6 /* EncryptedAudioVault.swift */ = {isa = PBXFileReference; lastKnownFileType = sourcecode.swift; path = EncryptedAudioVault.swift; sourceTree = "<group>"; };
		F824A2078CC9EF4E32AEA011 /* PhoneRealtimeSession.swift */ = {isa = PBXFileReference; lastKnownFileType = sourcecode.swift; path = PhoneRealtimeSession.swift; sourceTree = "<group>"; };
		F928ACBF6FA59402D5EB1275 /* VoiceTurnState.swift */ = {isa = PBXFileReference; lastKnownFileType = sourcecode.swift; path = VoiceTurnState.swift; sourceTree = "<group>"; };
		F9C49719F53E734FE041D10B /* VoiceOrbModeTests.swift */ = {isa = PBXFileReference; lastKnownFileType = sourcecode.swift; path = VoiceOrbModeTests.swift; sourceTree = "<group>"; };
		F9FA489FA1C53D0A43298601 /* WelcomeGreeter.swift */ = {isa = PBXFileReference; lastKnownFileType = sourcecode.swift; path = WelcomeGreeter.swift; sourceTree = "<group>"; };
/* End PBXFileReference section */

/* Begin PBXGroup section */
		1496EF7B8FA3D1016A22CDC1 /* Shared */ = {
			isa = PBXGroup;
			children = (
				CB1D464D47EC34B55A8C8411 /* AgentModels.swift */,
				CC3ECBAA9A62DE9AED7C9C34 /* AudioSessionPolicy.swift */,
				5A61F7EAFB8A0CCF3D03F1D2 /* BridgeTurnProjection.swift */,
				32C8DAF30CCFE15F09A5351A /* BuildFingerprint.swift */,
				234EBF336FF2F9724F289524 /* ClientLog.swift */,
				E92A4F28175D63C6FBD62D7E /* ConversationHistory.swift */,
				F7C56A17FC91DC667B51B7D6 /* EncryptedAudioVault.swift */,
				3A74603EEEBF6327940BB0BE /* ErrorCueCatalog.swift */,
				C608A2AC1FA2B2981F7EB790 /* MainStatusCopy.swift */,
				827B4FDF631BEBEFA13118A9 /* PersistHelper.swift */,
				9F3363DB5FB9EF9FF44F0744 /* PlaybackEndgamePolicy.swift */,
				905294A59B10050708A50FBF /* PlaybackRecoveryPolicy.swift */,
				1B1609E87036B6E0CEFB8C95 /* RealtimeBridgeWireCodec.swift */,
				4C41457A27FD24A41133AFFE /* RealtimeDownlinkPlayback.swift */,
				1CEDAB5F3CD7B29B993F0FA2 /* RealtimeMediaFormat.swift */,
				49D1CFEB2C03FAA07DA192C1 /* RealtimeMediaSession.swift */,
				63B4FAFE429B15682CA5E9F8 /* RealtimeMediaWireFormat.swift */,
				716B2884D666AEE57BA6AB37 /* RealtimePlaybackReceiptTracker.swift */,
				D57D9FD3BB121F4AAB879ACF /* RealtimeUplinkStream.swift */,
				13475F099EA8ADC39FB4651D /* ResultNotificationPolicy.swift */,
				52E037554E3E0CDA3ACF1D0B /* ResultPlaybackLedger.swift */,
				88E0836FA054B69DBE4F3E16 /* RetryRecordingStore.swift */,
				2B644F4BEAE260E21C555E9E /* RuntimeSessionPolicy.swift */,
				CC28E8D4A89C399924568EEB /* SecureTokenStore.swift */,
				5781515B605FE09873311309 /* SelfCheckPolicy.swift */,
				C426A9FB7C2456FD57F1BA1E /* SubtitleScript.swift */,
				E36424AC38F0A8BB28751248 /* UUIDv7.swift */,
				D70795CA9CC1B496467FE2B8 /* VoiceInteractionCue.swift */,
				CB7ABFE8DE51D05121E27317 /* VoiceOutbox.swift */,
				C58AEB9B4C54F952DFC96AB2 /* VoiceRelayEvents.swift */,
				035DF4EEFBF9F540A0B791F7 /* VoiceRelayWire.swift */,
				16A065FFB735532D201B2183 /* VoiceRequestEnvelope.swift */,
				1AB8CD6D695437D845CE87AF /* VoiceRequestInbox.swift */,
				0EAD7935F2F128D8408C210F /* VoiceStatusEnvelope.swift */,
				ECD1DB988318EDCB4DD695B6 /* VoiceStreamChunkMessage.swift */,
				E86C631B9730FD0A3CB91448 /* VoiceStreamProtocol.swift */,
				C6F558DCDF4B9CA8F0BA2E2D /* VoiceTurnJournal.swift */,
				F928ACBF6FA59402D5EB1275 /* VoiceTurnState.swift */,
				CA60FA5DC7EA82EC5729B54B /* WatchDownlinkOutbox.swift */,
			);
			path = Shared;
			sourceTree = "<group>";
		};
		4E184E507C9CBF19D717ECE8 /* Resources */ = {
			isa = PBXGroup;
			children = (
				D0D77E1443D17416407EACA7 /* ErrorCue_AudioTooShort.m4a */,
				082465840BA4F405D5850B27 /* ErrorCue_Generic.m4a */,
				F14D22D8B591237BDD4F6527 /* ErrorCue_ManualConfirm.m4a */,
				E50FB76863F935EDDBC6FAF9 /* ErrorCue_MicPermission.m4a */,
				49F7F018CE9F39B238D4E85D /* ErrorCue_PhoneUnreachable.m4a */,
				44E84C0EE7746687AFA3A75F /* ErrorCue_README.md */,
				01965DB663A6353C9F367FFF /* ErrorCue_RealtimeStalled.m4a */,
				96150E5C8428B98CF5C6765B /* ErrorCue_Retryable.m4a */,
				57F64DE4D4F59AFD226CD234 /* ErrorCue_TextOnly.m4a */,
				B4ABFE757D618285BCA3C777 /* ErrorCue_TranscriptDiscarded.m4a */,
				69D850E7D15B7525D07D9DBF /* ErrorCue_VoiceBusy.m4a */,
				4872AA5D7D68F48548C7ABF5 /* WelcomeSpeech.m4a */,
			);
			path = Resources;
			sourceTree = "<group>";
		};
		54A036CF449463DCBB1BE0B1 /* iOS */ = {
			isa = PBXGroup;
			children = (
				2E4C7D8E5213EE0C04CA8BEC /* Assets.xcassets */,
				BF28D500590D9DF5BF4D748A /* ClientLogUplink.swift */,
				9A2CDFE23539DF4DB5ADDAF7 /* CompanionContentView.swift */,
				0DFA30C0EEFD46DDC835A5B6 /* CompanionSettings.swift */,
				DE20A46446B578002D231E7D /* Info.plist */,
				08AB0CED9CE83E1BB446A82C /* PhoneConnectivity.swift */,
				D0A1CA98E116775B1257DB33 /* PhoneHistoryViews.swift */,
				F824A2078CC9EF4E32AEA011 /* PhoneRealtimeSession.swift */,
				670B3104058BFB1235409EF2 /* PhoneRealtimeWebSocketTransport.swift */,
				0BA9A4A00B136A1EF90FC2D9 /* WristAgent.entitlements */,
				36A3DD675D9E3E4CDC7C7C5A /* WristAgentApp.swift */,
				79F87E24A5046DA1229304B2 /* WristAgentPhoneRelay.swift */,
			);
			path = iOS;
			sourceTree = "<group>";
		};
		BE04671AC7E90D1581E6AC05 /* Watch */ = {
			isa = PBXGroup;
			children = (
				4E184E507C9CBF19D717ECE8 /* Resources */,
				67C6A03628F073DFB7BD92CF /* Assets.xcassets */,
				98840DEEAC5DA7B6F8FCC628 /* AudioRecorder.swift */,
				38CFFC49761BA3D8F3C402C8 /* AvatarErrorCardView.swift */,
				448AA6286D0C4ACA51DC8ADD /* AvatarErrorPresenter.swift */,
				8D4D9B7BAB821EF5BEF00394 /* ConversationTimelineView.swift */,
				13F51C6DCBABB59C404B307D /* Info.plist */,
				8F9C01710FDC8C90D754460F /* OpenWristAgentIntent.swift */,
				EE8FF24E8524ECAAAF5021D9 /* PCMFrameRecorder.swift */,
				F0D0D96E379DBB5414F01FA7 /* PermissionRequestView.swift */,
				7FB53D6920928D88D7BE6631 /* PushToTalkController.swift */,
				5C77CA501A013873CA471BBC /* RealtimePlaybackEngine.swift */,
				797588258D8FFBB69B05BB71 /* ResultNotifier.swift */,
				B9D95B86CF79B5796D5EA9DC /* SelfCheck.swift */,
				7669A09014913EDDEC887BBE /* SpeechPlayer.swift */,
				385A7BF623716F8B230FD7E7 /* SubtitlePlaybackView.swift */,
				8CA853AA557CCC08A3446DED /* VoiceOrbView.swift */,
				D0E2B5FAE82F1D44C2C36616 /* VoiceSessionKeeper.swift */,
				B1CE1503A0D6F97C52A835D5 /* WatchAppDelegate.swift */,
				937C17EC6A16413E34C276A2 /* WatchContentView.swift */,
				8A1B0A3BF7CF87587B6FF3EB /* WatchDebugSettings.swift */,
				7D32404639DC13C1A992EC83 /* WatchHaptics.swift */,
				DDF08FF1AA89A3FD36122100 /* WatchLog.swift */,
				DA80AE8DA7716EC314B4D3C7 /* WatchLogShipper.swift */,
				D270E5D7D1369F80F38C115A /* WatchRealtimeMediaAdapter.swift */,
				C85D18E0360A2A1EBDF04975 /* WatchSettingsStore.swift */,
				1DAF03C2F2C11D4CBC8D9587 /* WatchSettingsView.swift */,
				825EC2CED4ACE4E583D94864 /* WatchStreamReceiver.swift */,
				F16E394DC77EF14BAE142B32 /* WatchVoiceTransport.swift */,
				F9FA489FA1C53D0A43298601 /* WelcomeGreeter.swift */,
				837F0B1D0B26EA8AFCAAC4A0 /* WristAgentWatch.entitlements */,
				C10B09D1AD3BA287A3856E6E /* WristAgentWatchApp.swift */,
			);
			path = Watch;
			sourceTree = "<group>";
		};
		C2ED56EF033338F62BCCC439 /* Products */ = {
			isa = PBXGroup;
			children = (
				2E88D71F4696224E69D652E8 /* WristAgent Watch App.app */,
				53B51BD6D2B825F5E3E2A727 /* WristAgent Watch Tests.xctest */,
				6AE6645A23368CC50DBD7CCE /* WristAgent.app */,
			);
			name = Products;
			sourceTree = "<group>";
		};
		E0960019F13FD9B843014358 /* WatchTests */ = {
			isa = PBXGroup;
			children = (
				24DF76CA9FD4F1F5347735D9 /* AudioRecorderDurationTests.swift */,
				0DAD45847A8F17F8D430ACB9 /* AudioRecorderHandoverTests.swift */,
				CA9DA8A923948AE9124C19F9 /* AvatarErrorPresenterTests.swift */,
				1FE6DCDF59808F848A03798D /* DownlinkBacklogHintTests.swift */,
				7C39EB1E56AB7E26A9E4F72C /* IphoneRelayStuckHintTests.swift */,
				5CAC488B088EEC6542FF5CAB /* PlaybackEndgameChainTests.swift */,
				0FA650F428590FCA9FAA371A /* ProcessingCopyThresholdTests.swift */,
				2F07106FBFCBFC4FE539B6E5 /* PushToTalkDeferredFallbackTests.swift */,
				52E1C676ADCA9D6C63FF73AD /* PushToTalkStreamingGateTests.swift */,
				DD573B88FBB9CCE341ED1513 /* RecorderErrorCopyTests.swift */,
				559D5444BA1268D4BD66556B /* RelayFailureProjectionTests.swift */,
				10796288EEC2915673662B9E /* SelfCheckLatestOutcomeTests.swift */,
				CE83A54EC29559337BA73D64 /* SelfCheckYieldBarrierTests.swift */,
				9FDE52A8C1B2854E4646A286 /* SpeechPlayerInterruptionEvidenceTests.swift */,
				0D83133781FDC42821BB13DF /* SpeechPlayerInterruptionTests.swift */,
				AAD9BD4DBA7700C65F134EF3 /* SpeechPlayerReleaseTests.swift */,
				C8BFD3B8E68CD0ED9C78C500 /* SpeechPlayerUserInterruptTests.swift */,
				F9C49719F53E734FE041D10B /* VoiceOrbModeTests.swift */,
				50DEF68818AC545EED28B44F /* WatchDebugSettingsTests.swift */,
				DADB09FEF300D41C2F68E5BA /* WatchRealtimeMediaAdapterTests.swift */,
				5B3297717E736F5BC5E44F85 /* WatchStreamReceiverTests.swift */,
			);
			path = WatchTests;
			sourceTree = "<group>";
		};
		E1B879DD167EA2622A8B6421 = {
			isa = PBXGroup;
			children = (
				54A036CF449463DCBB1BE0B1 /* iOS */,
				1496EF7B8FA3D1016A22CDC1 /* Shared */,
				BE04671AC7E90D1581E6AC05 /* Watch */,
				E0960019F13FD9B843014358 /* WatchTests */,
				C2ED56EF033338F62BCCC439 /* Products */,
			);
			sourceTree = "<group>";
		};
/* End PBXGroup section */

/* Begin PBXNativeTarget section */
		3B9F782E44A10D91CA405688 /* WristAgent Watch App */ = {
			isa = PBXNativeTarget;
			buildConfigurationList = 03266D2CD3842F03DDA8362D /* Build configuration list for PBXNativeTarget "WristAgent Watch App" */;
			buildPhases = (
				865E0336E3E3F920975EE757 /* Sources */,
				BE1C63E02139BA09FD664E74 /* Resources */,
			);
			buildRules = (
			);
			dependencies = (
			);
			name = "WristAgent Watch App";
			packageProductDependencies = (
			);
			productName = "WristAgent Watch App";
			productReference = 2E88D71F4696224E69D652E8 /* WristAgent Watch App.app */;
			productType = "com.apple.product-type.application";
		};
		4DEDBCFFC6FBD241C13DA076 /* WristAgent Watch Tests */ = {
			isa = PBXNativeTarget;
			buildConfigurationList = 58B3A62C267FD5AA4CB5F80D /* Build configuration list for PBXNativeTarget "WristAgent Watch Tests" */;
			buildPhases = (
				CEBFC7EE611A2021E73F041A /* Sources */,
			);
			buildRules = (
			);
			dependencies = (
				CD9B13C4307B406F5162154C /* PBXTargetDependency */,
			);
			name = "WristAgent Watch Tests";
			packageProductDependencies = (
			);
			productName = "WristAgent Watch Tests";
			productReference = 53B51BD6D2B825F5E3E2A727 /* WristAgent Watch Tests.xctest */;
			productType = "com.apple.product-type.bundle.unit-test";
		};
		CF25B19D6DB2959DBE22B263 /* WristAgent */ = {
			isa = PBXNativeTarget;
			buildConfigurationList = 5A8246362B99773025EFC65D /* Build configuration list for PBXNativeTarget "WristAgent" */;
			buildPhases = (
				85E2CB81B75454076D009B1F /* Sources */,
				53AE97197D7D09E43D01EE1D /* Resources */,
				AF1FC1576001107B475D1B07 /* Embed Watch Content */,
			);
			buildRules = (
			);
			dependencies = (
				651C53D26B4E980B5D9B6338 /* PBXTargetDependency */,
			);
			name = WristAgent;
			packageProductDependencies = (
			);
			productName = WristAgent;
			productReference = 6AE6645A23368CC50DBD7CCE /* WristAgent.app */;
			productType = "com.apple.product-type.application";
		};
/* End PBXNativeTarget section */

/* Begin PBXProject section */
		85B21323A96B25B07A518363 /* Project object */ = {
			isa = PBXProject;
			attributes = {
				BuildIndependentTargetsInParallel = YES;
				LastUpgradeCheck = 1600;
				TargetAttributes = {
					3B9F782E44A10D91CA405688 = {
						DevelopmentTeam = "";
						ProvisioningStyle = Automatic;
					};
					4DEDBCFFC6FBD241C13DA076 = {
						DevelopmentTeam = "";
						ProvisioningStyle = Automatic;
					};
					CF25B19D6DB2959DBE22B263 = {
						DevelopmentTeam = "";
						ProvisioningStyle = Automatic;
					};
				};
			};
			buildConfigurationList = E8625A09061DDCD41E1426D1 /* Build configuration list for PBXProject "WristAgent" */;
			developmentRegion = en;
			hasScannedForEncodings = 0;
			knownRegions = (
				Base,
				en,
			);
			mainGroup = E1B879DD167EA2622A8B6421;
			minimizedProjectReferenceProxies = 1;
			preferredProjectObjectVersion = 77;
			productRefGroup = C2ED56EF033338F62BCCC439 /* Products */;
			projectDirPath = "";
			projectRoot = "";
			targets = (
				CF25B19D6DB2959DBE22B263 /* WristAgent */,
				3B9F782E44A10D91CA405688 /* WristAgent Watch App */,
				4DEDBCFFC6FBD241C13DA076 /* WristAgent Watch Tests */,
			);
		};
/* End PBXProject section */

/* Begin PBXResourcesBuildPhase section */
		53AE97197D7D09E43D01EE1D /* Resources */ = {
			isa = PBXResourcesBuildPhase;
			buildActionMask = 2147483647;
			files = (
				2A9E736342EF755E3A8DA8AF /* Assets.xcassets in Resources */,
			);
			runOnlyForDeploymentPostprocessing = 0;
		};
		BE1C63E02139BA09FD664E74 /* Resources */ = {
			isa = PBXResourcesBuildPhase;
			buildActionMask = 2147483647;
			files = (
				28EA2E815D8252770E3221F1 /* Assets.xcassets in Resources */,
				3AC49353250C083758E9D4DA /* ErrorCue_AudioTooShort.m4a in Resources */,
				1D8114C1A144A1E06C7938A4 /* ErrorCue_Generic.m4a in Resources */,
				DB80EDC167861AB3B3CBA4A3 /* ErrorCue_ManualConfirm.m4a in Resources */,
				7D85664D09122BF9A31C2ED4 /* ErrorCue_MicPermission.m4a in Resources */,
				AEAE756BC7E01FD8165CEA95 /* ErrorCue_PhoneUnreachable.m4a in Resources */,
				B16D51DE77210C44933FBD3B /* ErrorCue_README.md in Resources */,
				FCCCB7F77DC433EB43795922 /* ErrorCue_RealtimeStalled.m4a in Resources */,
				D3EFA8AA982DB431C5827917 /* ErrorCue_Retryable.m4a in Resources */,
				ECB4DA3B894FC346061B54D4 /* ErrorCue_TextOnly.m4a in Resources */,
				47214BF51DB6B0A517CC8C63 /* ErrorCue_TranscriptDiscarded.m4a in Resources */,
				7045B87E2347FCA6BB2FFE4F /* ErrorCue_VoiceBusy.m4a in Resources */,
				A9E722341F5CCE1CCF5D65CD /* WelcomeSpeech.m4a in Resources */,
			);
			runOnlyForDeploymentPostprocessing = 0;
		};
/* End PBXResourcesBuildPhase section */

/* Begin PBXSourcesBuildPhase section */
		85E2CB81B75454076D009B1F /* Sources */ = {
			isa = PBXSourcesBuildPhase;
			buildActionMask = 2147483647;
			files = (
				E0C092AAB8EB860FC6D5A0B7 /* AgentModels.swift in Sources */,
				293E9641FC4B28984DCC0CF9 /* AudioSessionPolicy.swift in Sources */,
				CD555D87536F29C54A475DFB /* BridgeTurnProjection.swift in Sources */,
				A74A27941BC416F02C965D17 /* BuildFingerprint.swift in Sources */,
				486B5477826ED3933D89132E /* ClientLog.swift in Sources */,
				FF6E483DDC04EDE981F240A3 /* ClientLogUplink.swift in Sources */,
				3213E1FAF48D79262E5EA9FC /* CompanionContentView.swift in Sources */,
				DADA85367CAACD55C3514A81 /* CompanionSettings.swift in Sources */,
				FF0CBF3B2F165CCB9D3F426C /* ConversationHistory.swift in Sources */,
				B61FF83E4DCF49ED91557083 /* EncryptedAudioVault.swift in Sources */,
				FFC6B09DA5B4296BAC67C690 /* ErrorCueCatalog.swift in Sources */,
				B8341DE12C11F07793D54054 /* MainStatusCopy.swift in Sources */,
				5FC7E0538B77B76B1A1E55BE /* PersistHelper.swift in Sources */,
				0B14BB8E0DE371AE0274D4F9 /* PhoneConnectivity.swift in Sources */,
				8D74BBCA5601E569150562B6 /* PhoneHistoryViews.swift in Sources */,
				C2DD31347EF19DFDA9187ABB /* PhoneRealtimeSession.swift in Sources */,
				D646FBAAC6F5F67130E21FB0 /* PhoneRealtimeWebSocketTransport.swift in Sources */,
				CEA31973C29CBFC9511A3BAB /* PlaybackEndgamePolicy.swift in Sources */,
				3BED828277BCE6296AFDC424 /* PlaybackRecoveryPolicy.swift in Sources */,
				E9BABA745F521D5A45E84D50 /* RealtimeBridgeWireCodec.swift in Sources */,
				03A62E2D08DF9037D1ED20F3 /* RealtimeDownlinkPlayback.swift in Sources */,
				7249351A21B20AAC649807D9 /* RealtimeMediaFormat.swift in Sources */,
				87589EC57C16EFE13A79738E /* RealtimeMediaSession.swift in Sources */,
				ADA9DA139E2F37E309F1C70C /* RealtimeMediaWireFormat.swift in Sources */,
				AFE89128B354D801AA7BF512 /* RealtimePlaybackReceiptTracker.swift in Sources */,
				954F45FCF33EA311254AEDDF /* RealtimeUplinkStream.swift in Sources */,
				06514EB08E697AAAEEA6F10A /* ResultNotificationPolicy.swift in Sources */,
				8E7B08D7721A06F71A5C9644 /* ResultPlaybackLedger.swift in Sources */,
				414956366089B530CE9C6F98 /* RetryRecordingStore.swift in Sources */,
				06E2F65AB24A39F35B1CB39D /* RuntimeSessionPolicy.swift in Sources */,
				F085E299171F674D4D155E09 /* SecureTokenStore.swift in Sources */,
				389212E3DA6FAA59F9910D22 /* SelfCheckPolicy.swift in Sources */,
				D23E8DF58407ADEEE6F36F3A /* SubtitleScript.swift in Sources */,
				59EF7588E503BBA5DF84681B /* UUIDv7.swift in Sources */,
				7E75E969A72336DBE618BEBE /* VoiceInteractionCue.swift in Sources */,
				3720FA2BBC2A5376CB24FD23 /* VoiceOutbox.swift in Sources */,
				FD2534104A35901AC28B604D /* VoiceRelayEvents.swift in Sources */,
				7F172712436C104970B3035C /* VoiceRelayWire.swift in Sources */,
				16999EF5199C5B5E800A83B8 /* VoiceRequestEnvelope.swift in Sources */,
				7CE7CD69630867506FAD3360 /* VoiceRequestInbox.swift in Sources */,
				20A0B47A1FB2A2099BE53146 /* VoiceStatusEnvelope.swift in Sources */,
				D73937DBAF6A7155D9CDC698 /* VoiceStreamChunkMessage.swift in Sources */,
				9907DDC5D22A3F0DF92F6985 /* VoiceStreamProtocol.swift in Sources */,
				72AEE3274DC1730DAB22022E /* VoiceTurnJournal.swift in Sources */,
				4EACD0A9A1C336AA8BCB6677 /* VoiceTurnState.swift in Sources */,
				770DB683BEC61B9851F2B0D1 /* WatchDownlinkOutbox.swift in Sources */,
				3F6EA24FB3A3B46BD00BC2D0 /* WristAgentApp.swift in Sources */,
				D482537406EC7EC94069E3AF /* WristAgentPhoneRelay.swift in Sources */,
			);
			runOnlyForDeploymentPostprocessing = 0;
		};
		865E0336E3E3F920975EE757 /* Sources */ = {
			isa = PBXSourcesBuildPhase;
			buildActionMask = 2147483647;
			files = (
				AC284F28E28E5427A577455B /* AgentModels.swift in Sources */,
				AB38F702523DAB57ECDB758F /* AudioRecorder.swift in Sources */,
				8A5EEAA528E32C9DAB749BFD /* AudioSessionPolicy.swift in Sources */,
				9FCAF92E7F4BAF6D75258EC3 /* AvatarErrorCardView.swift in Sources */,
				CCB3BBBEF6EAB9DDD84249E5 /* AvatarErrorPresenter.swift in Sources */,
				E817250A3DAFD3D2F889876B /* BridgeTurnProjection.swift in Sources */,
				1EF906148F17573C9B7D948E /* BuildFingerprint.swift in Sources */,
				74339B1DE6A6C27DBE1885DD /* ClientLog.swift in Sources */,
				54817C157F20C92848363962 /* ConversationHistory.swift in Sources */,
				2600C4D0F1086887A7E1B04A /* ConversationTimelineView.swift in Sources */,
				34140BE278C262CF0BACEABE /* EncryptedAudioVault.swift in Sources */,
				1B82F586343739AA4F419D21 /* ErrorCueCatalog.swift in Sources */,
				82B50E90942BDC1117375BB7 /* MainStatusCopy.swift in Sources */,
				C3D8984AB14E3ECEB93542E0 /* OpenWristAgentIntent.swift in Sources */,
				A7E57A17426B0BB822699784 /* PCMFrameRecorder.swift in Sources */,
				34523D43C35817094DA2E618 /* PermissionRequestView.swift in Sources */,
				97AFD9059AF401EBE72670D9 /* PersistHelper.swift in Sources */,
				88162BC2A9F5ADF2F56E6246 /* PlaybackEndgamePolicy.swift in Sources */,
				7522A68DCE1692BE3EC03F18 /* PlaybackRecoveryPolicy.swift in Sources */,
				5E9988BFEA3673DAA88C1F70 /* PushToTalkController.swift in Sources */,
				3094CD00C51EF6746AEB7C98 /* RealtimeBridgeWireCodec.swift in Sources */,
				C8D3D2E8D0626D66145B3C31 /* RealtimeDownlinkPlayback.swift in Sources */,
				7787B4B28677EFC96B299E8D /* RealtimeMediaFormat.swift in Sources */,
				1DEEC7DB7C45672A9EE48707 /* RealtimeMediaSession.swift in Sources */,
				ECA89E26FFC474C089D1802D /* RealtimeMediaWireFormat.swift in Sources */,
				2A378D7F61247334FF9CE66A /* RealtimePlaybackEngine.swift in Sources */,
				9CC8DFCBBBA03E71A76FA9BB /* RealtimePlaybackReceiptTracker.swift in Sources */,
				B6585933C8D51C2E81B72056 /* RealtimeUplinkStream.swift in Sources */,
				3216F8C5F4A8D25615A5F8E4 /* ResultNotificationPolicy.swift in Sources */,
				070E69DBE697BF3DE0503A23 /* ResultNotifier.swift in Sources */,
				AB03B7110AD0AB3696A9E607 /* ResultPlaybackLedger.swift in Sources */,
				90F8E3490182A852E51E21D5 /* RetryRecordingStore.swift in Sources */,
				F37461CE8CBFD3BCF3959F2D /* RuntimeSessionPolicy.swift in Sources */,
				41214906A025D5C1E7C4ECA9 /* SecureTokenStore.swift in Sources */,
				7CBCA51C89D61E95EAD52B9D /* SelfCheck.swift in Sources */,
				CFE0EF1FB0CD60D2CA12A03B /* SelfCheckPolicy.swift in Sources */,
				2BE4825B9DE1357E0469CED7 /* SpeechPlayer.swift in Sources */,
				91EA78B6C755DACBB9576676 /* SubtitlePlaybackView.swift in Sources */,
				26780BEBF601751525AE9BDD /* SubtitleScript.swift in Sources */,
				D9B1A7DECC44E46204E0FFF3 /* UUIDv7.swift in Sources */,
				F0F7837AE17D55F9D65F291C /* VoiceInteractionCue.swift in Sources */,
				2AFB7EE475338CDAB23D6E85 /* VoiceOrbView.swift in Sources */,
				FD6002847EC794CD155710D5 /* VoiceOutbox.swift in Sources */,
				BF1A28E74E549CDAB4F6DB58 /* VoiceRelayEvents.swift in Sources */,
				EFF14C832245DFFF4D10E97F /* VoiceRelayWire.swift in Sources */,
				2531E7416965A3AFE0797407 /* VoiceRequestEnvelope.swift in Sources */,
				3679C158DB9AD81045389B1A /* VoiceRequestInbox.swift in Sources */,
				E1EB77C2B2AFD2E3C00EC110 /* VoiceSessionKeeper.swift in Sources */,
				72E757EA3A1C9DBEF705D3A5 /* VoiceStatusEnvelope.swift in Sources */,
				101BD3B5E0F900E18D2C7B6A /* VoiceStreamChunkMessage.swift in Sources */,
				9C4B6375FC6A420DF38989E9 /* VoiceStreamProtocol.swift in Sources */,
				5B434395A63D5C4B37CCFD72 /* VoiceTurnJournal.swift in Sources */,
				6367A07D0292627141725AB1 /* VoiceTurnState.swift in Sources */,
				8FF97CA8FB1939F6B782BCAC /* WatchAppDelegate.swift in Sources */,
				E67E11F4044782400305330E /* WatchContentView.swift in Sources */,
				1E4C2CF87BA6A4A921EBA7E1 /* WatchDebugSettings.swift in Sources */,
				8E707FCD5F8E34356AF80305 /* WatchDownlinkOutbox.swift in Sources */,
				1DF752190D2F7A81145E12C8 /* WatchHaptics.swift in Sources */,
				AF4B996A0E38234DCEE5FC09 /* WatchLog.swift in Sources */,
				42DFE528414D5974292532FB /* WatchLogShipper.swift in Sources */,
				2A6D5FCC43F0BC317088A28B /* WatchRealtimeMediaAdapter.swift in Sources */,
				402E9DC1E4E2E918917E9B58 /* WatchSettingsStore.swift in Sources */,
				6FB34EA4C12FC1D5FFE06F94 /* WatchSettingsView.swift in Sources */,
				18C00E8A4DDBDF394954DE30 /* WatchStreamReceiver.swift in Sources */,
				9FE3E5082197E2851CD75F30 /* WatchVoiceTransport.swift in Sources */,
				C2FE93AC9C1274EE211A3714 /* WelcomeGreeter.swift in Sources */,
				487F199E241E68A3B8696D31 /* WristAgentWatchApp.swift in Sources */,
			);
			runOnlyForDeploymentPostprocessing = 0;
		};
		CEBFC7EE611A2021E73F041A /* Sources */ = {
			isa = PBXSourcesBuildPhase;
			buildActionMask = 2147483647;
			files = (
				DBE963FE2EC46A5678CC5122 /* AudioRecorderDurationTests.swift in Sources */,
				95171100A79B4FD51C92AF73 /* AudioRecorderHandoverTests.swift in Sources */,
				BD58016CCCEA3B35C68B307A /* AvatarErrorPresenterTests.swift in Sources */,
				1B71100DEDD4B210D28AE0A1 /* DownlinkBacklogHintTests.swift in Sources */,
				FB1CEDBA1C036BC17C6BEF2C /* IphoneRelayStuckHintTests.swift in Sources */,
				5DE908AEFD1FB51FD79565BA /* PlaybackEndgameChainTests.swift in Sources */,
				2FF25EEB3BCA3688BCB58468 /* ProcessingCopyThresholdTests.swift in Sources */,
				6430DBD9D8E4A5E8D6567B0D /* PushToTalkDeferredFallbackTests.swift in Sources */,
				DBB557451505CF70C8CAEE41 /* PushToTalkStreamingGateTests.swift in Sources */,
				707A59AAF2C9619F3909A162 /* RecorderErrorCopyTests.swift in Sources */,
				8F4051EBF66E54755D3D60AA /* RelayFailureProjectionTests.swift in Sources */,
				AFAD025D181738E8D93753BB /* SelfCheckLatestOutcomeTests.swift in Sources */,
				6B6BB598A338463642687ADC /* SelfCheckYieldBarrierTests.swift in Sources */,
				D51204118681270691727D4C /* SpeechPlayerInterruptionEvidenceTests.swift in Sources */,
				7C465E62628112B008899B51 /* SpeechPlayerInterruptionTests.swift in Sources */,
				68EF687B6F0F17A356355833 /* SpeechPlayerReleaseTests.swift in Sources */,
				7CD3A14FB1B8F7A79D40B608 /* SpeechPlayerUserInterruptTests.swift in Sources */,
				BE736ADFC210C176CA197273 /* VoiceOrbModeTests.swift in Sources */,
				A3BFF832F44C4739239AB662 /* WatchDebugSettingsTests.swift in Sources */,
				B338F411DD25A0ACA401E4DD /* WatchRealtimeMediaAdapterTests.swift in Sources */,
				A766A36C146CEA01CE487911 /* WatchStreamReceiverTests.swift in Sources */,
			);
			runOnlyForDeploymentPostprocessing = 0;
		};
/* End PBXSourcesBuildPhase section */

/* Begin PBXTargetDependency section */
		651C53D26B4E980B5D9B6338 /* PBXTargetDependency */ = {
			isa = PBXTargetDependency;
			target = 3B9F782E44A10D91CA405688 /* WristAgent Watch App */;
			targetProxy = 3ABDD484832A2B8AC012AB10 /* PBXContainerItemProxy */;
		};
		CD9B13C4307B406F5162154C /* PBXTargetDependency */ = {
			isa = PBXTargetDependency;
			target = 3B9F782E44A10D91CA405688 /* WristAgent Watch App */;
			targetProxy = 5C0E5E45E54971F12131FC3A /* PBXContainerItemProxy */;
		};
/* End PBXTargetDependency section */

/* Begin XCBuildConfiguration section */
		2880F8CCE8AB83B34EE600D3 /* Release */ = {
			isa = XCBuildConfiguration;
			buildSettings = {
				ASSETCATALOG_COMPILER_APPICON_NAME = AppIcon;
				CODE_SIGN_ENTITLEMENTS = iOS/WristAgent.entitlements;
				CODE_SIGN_IDENTITY = "iPhone Developer";
				INFOPLIST_FILE = iOS/Info.plist;
				INFOPLIST_KEY_UISupportedInterfaceOrientations_iPhone = UIInterfaceOrientationPortrait;
				LD_RUNPATH_SEARCH_PATHS = (
					"$(inherited)",
					"@executable_path/Frameworks",
				);
				PRODUCT_BUNDLE_IDENTIFIER = "$(WRISTAGENT_BUNDLE_ID)";
				SDKROOT = iphoneos;
				TARGETED_DEVICE_FAMILY = "1,2";
			};
			name = Release;
		};
		3C2819C71873BB6C0685EE77 /* Release */ = {
			isa = XCBuildConfiguration;
			buildSettings = {
				ALWAYS_SEARCH_USER_PATHS = NO;
				CLANG_ANALYZER_NONNULL = YES;
				CLANG_ANALYZER_NUMBER_OBJECT_CONVERSION = YES_AGGRESSIVE;
				CLANG_CXX_LANGUAGE_STANDARD = "gnu++14";
				CLANG_CXX_LIBRARY = "libc++";
				CLANG_ENABLE_MODULES = YES;
				CLANG_ENABLE_OBJC_ARC = YES;
				CLANG_ENABLE_OBJC_WEAK = YES;
				CLANG_WARN_BLOCK_CAPTURE_AUTORELEASING = YES;
				CLANG_WARN_BOOL_CONVERSION = YES;
				CLANG_WARN_COMMA = YES;
				CLANG_WARN_CONSTANT_CONVERSION = YES;
				CLANG_WARN_DEPRECATED_OBJC_IMPLEMENTATIONS = YES;
				CLANG_WARN_DIRECT_OBJC_ISA_USAGE = YES_ERROR;
				CLANG_WARN_DOCUMENTATION_COMMENTS = YES;
				CLANG_WARN_EMPTY_BODY = YES;
				CLANG_WARN_ENUM_CONVERSION = YES;
				CLANG_WARN_INFINITE_RECURSION = YES;
				CLANG_WARN_INT_CONVERSION = YES;
				CLANG_WARN_NON_LITERAL_NULL_CONVERSION = YES;
				CLANG_WARN_OBJC_IMPLICIT_RETAIN_SELF = YES;
				CLANG_WARN_OBJC_LITERAL_CONVERSION = YES;
				CLANG_WARN_OBJC_ROOT_CLASS = YES_ERROR;
				CLANG_WARN_QUOTED_INCLUDE_IN_FRAMEWORK_HEADER = YES;
				CLANG_WARN_RANGE_LOOP_ANALYSIS = YES;
				CLANG_WARN_STRICT_PROTOTYPES = YES;
				CLANG_WARN_SUSPICIOUS_MOVE = YES;
				CLANG_WARN_UNGUARDED_AVAILABILITY = YES_AGGRESSIVE;
				CLANG_WARN_UNREACHABLE_CODE = YES;
				CLANG_WARN__DUPLICATE_METHOD_MATCH = YES;
				CODE_SIGN_STYLE = Automatic;
				COPY_PHASE_STRIP = NO;
				CURRENT_PROJECT_VERSION = 1;
				DEBUG_INFORMATION_FORMAT = "dwarf-with-dsym";
				DEVELOPMENT_TEAM = "";
				ENABLE_NS_ASSERTIONS = NO;
				ENABLE_STRICT_OBJC_MSGSEND = YES;
				ENABLE_USER_SCRIPT_SANDBOXING = YES;
				GCC_C_LANGUAGE_STANDARD = gnu11;
				GCC_NO_COMMON_BLOCKS = YES;
				GCC_WARN_64_TO_32_BIT_CONVERSION = YES;
				GCC_WARN_ABOUT_RETURN_TYPE = YES_ERROR;
				GCC_WARN_UNDECLARED_SELECTOR = YES;
				GCC_WARN_UNINITIALIZED_AUTOS = YES_AGGRESSIVE;
				GCC_WARN_UNUSED_FUNCTION = YES;
				GCC_WARN_UNUSED_VARIABLE = YES;
				IPHONEOS_DEPLOYMENT_TARGET = 17.0;
				MARKETING_VERSION = 0.1.0;
				MTL_ENABLE_DEBUG_INFO = NO;
				MTL_FAST_MATH = YES;
				PRODUCT_NAME = "$(TARGET_NAME)";
				SWIFT_COMPILATION_MODE = wholemodule;
				SWIFT_OPTIMIZATION_LEVEL = "-O";
				SWIFT_VERSION = 5.0;
				WATCHOS_DEPLOYMENT_TARGET = 10.0;
				WRISTAGENT_BUNDLE_ID = com.benyuan.wristagent.WristAgent;
			};
			name = Release;
		};
		734A491C67E260E595C78600 /* Debug */ = {
			isa = XCBuildConfiguration;
			buildSettings = {
				ASSETCATALOG_COMPILER_APPICON_NAME = AppIcon;
				CODE_SIGN_ENTITLEMENTS = iOS/WristAgent.entitlements;
				CODE_SIGN_IDENTITY = "iPhone Developer";
				INFOPLIST_FILE = iOS/Info.plist;
				INFOPLIST_KEY_UISupportedInterfaceOrientations_iPhone = UIInterfaceOrientationPortrait;
				LD_RUNPATH_SEARCH_PATHS = (
					"$(inherited)",
					"@executable_path/Frameworks",
				);
				PRODUCT_BUNDLE_IDENTIFIER = "$(WRISTAGENT_BUNDLE_ID)";
				SDKROOT = iphoneos;
				TARGETED_DEVICE_FAMILY = "1,2";
			};
			name = Debug;
		};
		73AFF7DFD7FBE07D38D561E5 /* Debug */ = {
			isa = XCBuildConfiguration;
			buildSettings = {
				ALWAYS_SEARCH_USER_PATHS = NO;
				CLANG_ANALYZER_NONNULL = YES;
				CLANG_ANALYZER_NUMBER_OBJECT_CONVERSION = YES_AGGRESSIVE;
				CLANG_CXX_LANGUAGE_STANDARD = "gnu++14";
				CLANG_CXX_LIBRARY = "libc++";
				CLANG_ENABLE_MODULES = YES;
				CLANG_ENABLE_OBJC_ARC = YES;
				CLANG_ENABLE_OBJC_WEAK = YES;
				CLANG_WARN_BLOCK_CAPTURE_AUTORELEASING = YES;
				CLANG_WARN_BOOL_CONVERSION = YES;
				CLANG_WARN_COMMA = YES;
				CLANG_WARN_CONSTANT_CONVERSION = YES;
				CLANG_WARN_DEPRECATED_OBJC_IMPLEMENTATIONS = YES;
				CLANG_WARN_DIRECT_OBJC_ISA_USAGE = YES_ERROR;
				CLANG_WARN_DOCUMENTATION_COMMENTS = YES;
				CLANG_WARN_EMPTY_BODY = YES;
				CLANG_WARN_ENUM_CONVERSION = YES;
				CLANG_WARN_INFINITE_RECURSION = YES;
				CLANG_WARN_INT_CONVERSION = YES;
				CLANG_WARN_NON_LITERAL_NULL_CONVERSION = YES;
				CLANG_WARN_OBJC_IMPLICIT_RETAIN_SELF = YES;
				CLANG_WARN_OBJC_LITERAL_CONVERSION = YES;
				CLANG_WARN_OBJC_ROOT_CLASS = YES_ERROR;
				CLANG_WARN_QUOTED_INCLUDE_IN_FRAMEWORK_HEADER = YES;
				CLANG_WARN_RANGE_LOOP_ANALYSIS = YES;
				CLANG_WARN_STRICT_PROTOTYPES = YES;
				CLANG_WARN_SUSPICIOUS_MOVE = YES;
				CLANG_WARN_UNGUARDED_AVAILABILITY = YES_AGGRESSIVE;
				CLANG_WARN_UNREACHABLE_CODE = YES;
				CLANG_WARN__DUPLICATE_METHOD_MATCH = YES;
				CODE_SIGN_STYLE = Automatic;
				COPY_PHASE_STRIP = NO;
				CURRENT_PROJECT_VERSION = 1;
				DEBUG_INFORMATION_FORMAT = dwarf;
				DEVELOPMENT_TEAM = "";
				ENABLE_STRICT_OBJC_MSGSEND = YES;
				ENABLE_TESTABILITY = YES;
				ENABLE_USER_SCRIPT_SANDBOXING = YES;
				GCC_C_LANGUAGE_STANDARD = gnu11;
				GCC_DYNAMIC_NO_PIC = NO;
				GCC_NO_COMMON_BLOCKS = YES;
				GCC_OPTIMIZATION_LEVEL = 0;
				GCC_PREPROCESSOR_DEFINITIONS = (
					"$(inherited)",
					"DEBUG=1",
				);
				GCC_WARN_64_TO_32_BIT_CONVERSION = YES;
				GCC_WARN_ABOUT_RETURN_TYPE = YES_ERROR;
				GCC_WARN_UNDECLARED_SELECTOR = YES;
				GCC_WARN_UNINITIALIZED_AUTOS = YES_AGGRESSIVE;
				GCC_WARN_UNUSED_FUNCTION = YES;
				GCC_WARN_UNUSED_VARIABLE = YES;
				IPHONEOS_DEPLOYMENT_TARGET = 17.0;
				MARKETING_VERSION = 0.1.0;
				MTL_ENABLE_DEBUG_INFO = INCLUDE_SOURCE;
				MTL_FAST_MATH = YES;
				ONLY_ACTIVE_ARCH = YES;
				PRODUCT_NAME = "$(TARGET_NAME)";
				SWIFT_ACTIVE_COMPILATION_CONDITIONS = DEBUG;
				SWIFT_OPTIMIZATION_LEVEL = "-Onone";
				SWIFT_VERSION = 5.0;
				WATCHOS_DEPLOYMENT_TARGET = 10.0;
				WRISTAGENT_BUNDLE_ID = com.benyuan.wristagent.WristAgent;
			};
			name = Debug;
		};
		7B175453FF778828AB5528C0 /* Debug */ = {
			isa = XCBuildConfiguration;
			buildSettings = {
				ASSETCATALOG_COMPILER_APPICON_NAME = AppIcon;
				CODE_SIGN_ENTITLEMENTS = Watch/WristAgentWatch.entitlements;
				INFOPLIST_FILE = Watch/Info.plist;
				PRODUCT_BUNDLE_IDENTIFIER = "$(WRISTAGENT_BUNDLE_ID).watchkitapp";
				SDKROOT = watchos;
				SKIP_INSTALL = YES;
				TARGETED_DEVICE_FAMILY = 4;
				WATCHOS_DEPLOYMENT_TARGET = 10.0;
			};
			name = Debug;
		};
		C08D2741ADF0A3EC2927B854 /* Release */ = {
			isa = XCBuildConfiguration;
			buildSettings = {
				BUNDLE_LOADER = "$(TEST_HOST)";
				GENERATE_INFOPLIST_FILE = YES;
				LD_RUNPATH_SEARCH_PATHS = (
					"$(inherited)",
					"@executable_path/Frameworks",
					"@loader_path/Frameworks",
				);
				PRODUCT_BUNDLE_IDENTIFIER = "$(WRISTAGENT_BUNDLE_ID).watchkitapp.tests";
				SDKROOT = watchos;
				SKIP_INSTALL = YES;
				TARGETED_DEVICE_FAMILY = 4;
				TEST_HOST = "$(BUILT_PRODUCTS_DIR)/WristAgent Watch App.app/WristAgent Watch App";
				WATCHOS_DEPLOYMENT_TARGET = 10.0;
			};
			name = Release;
		};
		C1018E014A7C2D7D7F9549DC /* Release */ = {
			isa = XCBuildConfiguration;
			buildSettings = {
				ASSETCATALOG_COMPILER_APPICON_NAME = AppIcon;
				CODE_SIGN_ENTITLEMENTS = Watch/WristAgentWatch.entitlements;
				INFOPLIST_FILE = Watch/Info.plist;
				PRODUCT_BUNDLE_IDENTIFIER = "$(WRISTAGENT_BUNDLE_ID).watchkitapp";
				SDKROOT = watchos;
				SKIP_INSTALL = YES;
				TARGETED_DEVICE_FAMILY = 4;
				WATCHOS_DEPLOYMENT_TARGET = 10.0;
			};
			name = Release;
		};
		DA8E0F422DD72BC6B095D433 /* Debug */ = {
			isa = XCBuildConfiguration;
			buildSettings = {
				BUNDLE_LOADER = "$(TEST_HOST)";
				GENERATE_INFOPLIST_FILE = YES;
				LD_RUNPATH_SEARCH_PATHS = (
					"$(inherited)",
					"@executable_path/Frameworks",
					"@loader_path/Frameworks",
				);
				PRODUCT_BUNDLE_IDENTIFIER = "$(WRISTAGENT_BUNDLE_ID).watchkitapp.tests";
				SDKROOT = watchos;
				SKIP_INSTALL = YES;
				TARGETED_DEVICE_FAMILY = 4;
				TEST_HOST = "$(BUILT_PRODUCTS_DIR)/WristAgent Watch App.app/WristAgent Watch App";
				WATCHOS_DEPLOYMENT_TARGET = 10.0;
			};
			name = Debug;
		};
/* End XCBuildConfiguration section */

/* Begin XCConfigurationList section */
		03266D2CD3842F03DDA8362D /* Build configuration list for PBXNativeTarget "WristAgent Watch App" */ = {
			isa = XCConfigurationList;
			buildConfigurations = (
				7B175453FF778828AB5528C0 /* Debug */,
				C1018E014A7C2D7D7F9549DC /* Release */,
			);
			defaultConfigurationIsVisible = 0;
			defaultConfigurationName = Debug;
		};
		58B3A62C267FD5AA4CB5F80D /* Build configuration list for PBXNativeTarget "WristAgent Watch Tests" */ = {
			isa = XCConfigurationList;
			buildConfigurations = (
				DA8E0F422DD72BC6B095D433 /* Debug */,
				C08D2741ADF0A3EC2927B854 /* Release */,
			);
			defaultConfigurationIsVisible = 0;
			defaultConfigurationName = Debug;
		};
		5A8246362B99773025EFC65D /* Build configuration list for PBXNativeTarget "WristAgent" */ = {
			isa = XCConfigurationList;
			buildConfigurations = (
				734A491C67E260E595C78600 /* Debug */,
				2880F8CCE8AB83B34EE600D3 /* Release */,
			);
			defaultConfigurationIsVisible = 0;
			defaultConfigurationName = Debug;
		};
		E8625A09061DDCD41E1426D1 /* Build configuration list for PBXProject "WristAgent" */ = {
			isa = XCConfigurationList;
			buildConfigurations = (
				73AFF7DFD7FBE07D38D561E5 /* Debug */,
				3C2819C71873BB6C0685EE77 /* Release */,
			);
			defaultConfigurationIsVisible = 0;
			defaultConfigurationName = Debug;
		};
/* End XCConfigurationList section */
	};
	rootObject = 85B21323A96B25B07A518363 /* Project object */;
}
