// !$*UTF8*$!
{
	archiveVersion = 1;
	classes = {
	};
	objectVersion = 77;
	objects = {

/* Begin PBXBuildFile section */
		06514EB08E697AAAEEA6F10A /* ResultNotificationPolicy.swift in Sources */ = {isa = PBXBuildFile; fileRef = 13475F099EA8ADC39FB4651D /* ResultNotificationPolicy.swift */; };
		06E2F65AB24A39F35B1CB39D /* RuntimeSessionPolicy.swift in Sources */ = {isa = PBXBuildFile; fileRef = 2B644F4BEAE260E21C555E9E /* RuntimeSessionPolicy.swift */; };
		070E69DBE697BF3DE0503A23 /* ResultNotifier.swift in Sources */ = {isa = PBXBuildFile; fileRef = 797588258D8FFBB69B05BB71 /* ResultNotifier.swift */; };
		0B14BB8E0DE371AE0274D4F9 /* PhoneConnectivity.swift in Sources */ = {isa = PBXBuildFile; fileRef = 08AB0CED9CE83E1BB446A82C /* PhoneConnectivity.swift */; };
		16999EF5199C5B5E800A83B8 /* VoiceRequestEnvelope.swift in Sources */ = {isa = PBXBuildFile; fileRef = 16A065FFB735532D201B2183 /* VoiceRequestEnvelope.swift */; };
		1B82F586343739AA4F419D21 /* ErrorCueCatalog.swift in Sources */ = {isa = PBXBuildFile; fileRef = 3A74603EEEBF6327940BB0BE /* ErrorCueCatalog.swift */; };
		1DF752190D2F7A81145E12C8 /* WatchHaptics.swift in Sources */ = {isa = PBXBuildFile; fileRef = 7D32404639DC13C1A992EC83 /* WatchHaptics.swift */; };
		1EF906148F17573C9B7D948E /* BuildFingerprint.swift in Sources */ = {isa = PBXBuildFile; fileRef = 32C8DAF30CCFE15F09A5351A /* BuildFingerprint.swift */; };
		20A0B47A1FB2A2099BE53146 /* VoiceStatusEnvelope.swift in Sources */ = {isa = PBXBuildFile; fileRef = 0EAD7935F2F128D8408C210F /* VoiceStatusEnvelope.swift */; };
		24ABA6464E98C3CA60DE366E /* WristAgent Watch App.app in Embed Watch Content */ = {isa = PBXBuildFile; fileRef = 2E88D71F4696224E69D652E8 /* WristAgent Watch App.app */; settings = {ATTRIBUTES = (RemoveHeadersOnCopy, ); }; };
		2531E7416965A3AFE0797407 /* VoiceRequestEnvelope.swift in Sources */ = {isa = PBXBuildFile; fileRef = 16A065FFB735532D201B2183 /* VoiceRequestEnvelope.swift */; };
		2600C4D0F1086887A7E1B04A /* ConversationTimelineView.swift in Sources */ = {isa = PBXBuildFile; fileRef = 8D4D9B7BAB821EF5BEF00394 /* ConversationTimelineView.swift */; };
		26780BEBF601751525AE9BDD /* SubtitleScript.swift in Sources */ = {isa = PBXBuildFile; fileRef = C426A9FB7C2456FD57F1BA1E /* SubtitleScript.swift */; };
		28EA2E815D8252770E3221F1 /* Assets.xcassets in Resources */ = {isa = PBXBuildFile; fileRef = 67C6A03628F073DFB7BD92CF /* Assets.xcassets */; };
		293E9641FC4B28984DCC0CF9 /* AudioSessionPolicy.swift in Sources */ = {isa = PBXBuildFile; fileRef = CC3ECBAA9A62DE9AED7C9C34 /* AudioSessionPolicy.swift */; };
		2A9E736342EF755E3A8DA8AF /* Assets.xcassets in Resources */ = {isa = PBXBuildFile; fileRef = 2E4C7D8E5213EE0C04CA8BEC /* Assets.xcassets */; };
		2AFB7EE475338CDAB23D6E85 /* VoiceOrbView.swift in Sources */ = {isa = PBXBuildFile; fileRef = 8CA853AA557CCC08A3446DED /* VoiceOrbView.swift */; };
		2BE4825B9DE1357E0469CED7 /* SpeechPlayer.swift in Sources */ = {isa = PBXBuildFile; fileRef = 7669A09014913EDDEC887BBE /* SpeechPlayer.swift */; };
		3213E1FAF48D79262E5EA9FC /* CompanionContentView.swift in Sources */ = {isa = PBXBuildFile; fileRef = 9A2CDFE23539DF4DB5ADDAF7 /* CompanionContentView.swift */; };
		3216F8C5F4A8D25615A5F8E4 /* ResultNotificationPolicy.swift in Sources */ = {isa = PBXBuildFile; fileRef = 13475F099EA8ADC39FB4651D /* ResultNotificationPolicy.swift */; };
		34140BE278C262CF0BACEABE /* EncryptedAudioVault.swift in Sources */ = {isa = PBXBuildFile; fileRef = F7C56A17FC91DC667B51B7D6 /* EncryptedAudioVault.swift */; };
		34523D43C35817094DA2E618 /* PermissionRequestView.swift in Sources */ = {isa = PBXBuildFile; fileRef = F0D0D96E379DBB5414F01FA7 /* PermissionRequestView.swift */; };
		3679C158DB9AD81045389B1A /* VoiceRequestInbox.swift in Sources */ = {isa = PBXBuildFile; fileRef = 1AB8CD6D695437D845CE87AF /* VoiceRequestInbox.swift */; };
		3720FA2BBC2A5376CB24FD23 /* VoiceOutbox.swift in Sources */ = {isa = PBXBuildFile; fileRef = CB7ABFE8DE51D05121E27317 /* VoiceOutbox.swift */; };
		389212E3DA6FAA59F9910D22 /* SelfCheckPolicy.swift in Sources */ = {isa = PBXBuildFile; fileRef = 5781515B605FE09873311309 /* SelfCheckPolicy.swift */; };
		3BED828277BCE6296AFDC424 /* PlaybackRecoveryPolicy.swift in Sources */ = {isa = PBXBuildFile; fileRef = 905294A59B10050708A50FBF /* PlaybackRecoveryPolicy.swift */; };
		3F6EA24FB3A3B46BD00BC2D0 /* WristAgentApp.swift in Sources */ = {isa = PBXBuildFile; fileRef = 36A3DD675D9E3E4CDC7C7C5A /* WristAgentApp.swift */; };
		402E9DC1E4E2E918917E9B58 /* WatchSettingsStore.swift in Sources */ = {isa = PBXBuildFile; fileRef = C85D18E0360A2A1EBDF04975 /* WatchSettingsStore.swift */; };
		41214906A025D5C1E7C4ECA9 /* SecureTokenStore.swift in Sources */ = {isa = PBXBuildFile; fileRef = CC28E8D4A89C399924568EEB /* SecureTokenStore.swift */; };
		414956366089B530CE9C6F98 /* RetryRecordingStore.swift in Sources */ = {isa = PBXBuildFile; fileRef = 88E0836FA054B69DBE4F3E16 /* RetryRecordingStore.swift */; };
		42DFE528414D5974292532FB /* WatchLogShipper.swift in Sources */ = {isa = PBXBuildFile; fileRef = DA80AE8DA7716EC314B4D3C7 /* WatchLogShipper.swift */; };
		486B5477826ED3933D89132E /* ClientLog.swift in Sources */ = {isa = PBXBuildFile; fileRef = 234EBF336FF2F9724F289524 /* ClientLog.swift */; };
		487F199E241E68A3B8696D31 /* WristAgentWatchApp.swift in Sources */ = {isa = PBXBuildFile; fileRef = C10B09D1AD3BA287A3856E6E /* WristAgentWatchApp.swift */; };
		4EACD0A9A1C336AA8BCB6677 /* VoiceTurnState.swift in Sources */ = {isa = PBXBuildFile; fileRef = F928ACBF6FA59402D5EB1275 /* VoiceTurnState.swift */; };
		54817C157F20C92848363962 /* ConversationHistory.swift in Sources */ = {isa = PBXBuildFile; fileRef = E92A4F28175D63C6FBD62D7E /* ConversationHistory.swift */; };
		59EF7588E503BBA5DF84681B /* UUIDv7.swift in Sources */ = {isa = PBXBuildFile; fileRef = E36424AC38F0A8BB28751248 /* UUIDv7.swift */; };
		5B434395A63D5C4B37CCFD72 /* VoiceTurnJournal.swift in Sources */ = {isa = PBXBuildFile; fileRef = C6F558DCDF4B9CA8F0BA2E2D /* VoiceTurnJournal.swift */; };
		5DE908AEFD1FB51FD79565BA /* PlaybackEndgameChainTests.swift in Sources */ = {isa = PBXBuildFile; fileRef = 5CAC488B088EEC6542FF5CAB /* PlaybackEndgameChainTests.swift */; };
		5E9988BFEA3673DAA88C1F70 /* PushToTalkController.swift in Sources */ = {isa = PBXBuildFile; fileRef = 7FB53D6920928D88D7BE6631 /* PushToTalkController.swift */; };
		6367A07D0292627141725AB1 /* VoiceTurnState.swift in Sources */ = {isa = PBXBuildFile; fileRef = F928ACBF6FA59402D5EB1275 /* VoiceTurnState.swift */; };
		6B6BB598A338463642687ADC /* SelfCheckYieldBarrierTests.swift in Sources */ = {isa = PBXBuildFile; fileRef = CE83A54EC29559337BA73D64 /* SelfCheckYieldBarrierTests.swift */; };
		707A59AAF2C9619F3909A162 /* RecorderErrorCopyTests.swift in Sources */ = {isa = PBXBuildFile; fileRef = DD573B88FBB9CCE341ED1513 /* RecorderErrorCopyTests.swift */; };
		72AEE3274DC1730DAB22022E /* VoiceTurnJournal.swift in Sources */ = {isa = PBXBuildFile; fileRef = C6F558DCDF4B9CA8F0BA2E2D /* VoiceTurnJournal.swift */; };
		72E757EA3A1C9DBEF705D3A5 /* VoiceStatusEnvelope.swift in Sources */ = {isa = PBXBuildFile; fileRef = 0EAD7935F2F128D8408C210F /* VoiceStatusEnvelope.swift */; };
		74339B1DE6A6C27DBE1885DD /* ClientLog.swift in Sources */ = {isa = PBXBuildFile; fileRef = 234EBF336FF2F9724F289524 /* ClientLog.swift */; };
		7522A68DCE1692BE3EC03F18 /* PlaybackRecoveryPolicy.swift in Sources */ = {isa = PBXBuildFile; fileRef = 905294A59B10050708A50FBF /* PlaybackRecoveryPolicy.swift */; };
		770DB683BEC61B9851F2B0D1 /* WatchDownlinkOutbox.swift in Sources */ = {isa = PBXBuildFile; fileRef = CA60FA5DC7EA82EC5729B54B /* WatchDownlinkOutbox.swift */; };
		7C465E62628112B008899B51 /* SpeechPlayerInterruptionTests.swift in Sources */ = {isa = PBXBuildFile; fileRef = 0D83133781FDC42821BB13DF /* SpeechPlayerInterruptionTests.swift */; };
		7CBCA51C89D61E95EAD52B9D /* SelfCheck.swift in Sources */ = {isa = PBXBuildFile; fileRef = B9D95B86CF79B5796D5EA9DC /* SelfCheck.swift */; };
		7CE7CD69630867506FAD3360 /* VoiceRequestInbox.swift in Sources */ = {isa = PBXBuildFile; fileRef = 1AB8CD6D695437D845CE87AF /* VoiceRequestInbox.swift */; };
		7E75E969A72336DBE618BEBE /* VoiceInteractionCue.swift in Sources */ = {isa = PBXBuildFile; fileRef = D70795CA9CC1B496467FE2B8 /* VoiceInteractionCue.swift */; };
		7F172712436C104970B3035C /* VoiceRelayWire.swift in Sources */ = {isa = PBXBuildFile; fileRef = 035DF4EEFBF9F540A0B791F7 /* VoiceRelayWire.swift */; };
		82B50E90942BDC1117375BB7 /* MainStatusCopy.swift in Sources */ = {isa = PBXBuildFile; fileRef = C608A2AC1FA2B2981F7EB790 /* MainStatusCopy.swift */; };
		88162BC2A9F5ADF2F56E6246 /* PlaybackEndgamePolicy.swift in Sources */ = {isa = PBXBuildFile; fileRef = 9F3363DB5FB9EF9FF44F0744 /* PlaybackEndgamePolicy.swift */; };
		8A5EEAA528E32C9DAB749BFD /* AudioSessionPolicy.swift in Sources */ = {isa = PBXBuildFile; fileRef = CC3ECBAA9A62DE9AED7C9C34 /* AudioSessionPolicy.swift */; };
		8D74BBCA5601E569150562B6 /* PhoneHistoryViews.swift in Sources */ = {isa = PBXBuildFile; fileRef = D0A1CA98E116775B1257DB33 /* PhoneHistoryViews.swift */; };
		8E707FCD5F8E34356AF80305 /* WatchDownlinkOutbox.swift in Sources */ = {isa = PBXBuildFile; fileRef = CA60FA5DC7EA82EC5729B54B /* WatchDownlinkOutbox.swift */; };
		8E7B08D7721A06F71A5C9644 /* ResultPlaybackLedger.swift in Sources */ = {isa = PBXBuildFile; fileRef = 52E037554E3E0CDA3ACF1D0B /* ResultPlaybackLedger.swift */; };
		8FF97CA8FB1939F6B782BCAC /* WatchAppDelegate.swift in Sources */ = {isa = PBXBuildFile; fileRef = B1CE1503A0D6F97C52A835D5 /* WatchAppDelegate.swift */; };
		90F8E3490182A852E51E21D5 /* RetryRecordingStore.swift in Sources */ = {isa = PBXBuildFile; fileRef = 88E0836FA054B69DBE4F3E16 /* RetryRecordingStore.swift */; };
		91EA78B6C755DACBB9576676 /* SubtitlePlaybackView.swift in Sources */ = {isa = PBXBuildFile; fileRef = 385A7BF623716F8B230FD7E7 /* SubtitlePlaybackView.swift */; };
		95171100A79B4FD51C92AF73 /* AudioRecorderHandoverTests.swift in Sources */ = {isa = PBXBuildFile; fileRef = 0DAD45847A8F17F8D430ACB9 /* AudioRecorderHandoverTests.swift */; };
		9FCAF92E7F4BAF6D75258EC3 /* AvatarErrorCardView.swift in Sources */ = {isa = PBXBuildFile; fileRef = 38CFFC49761BA3D8F3C402C8 /* AvatarErrorCardView.swift */; };
		9FE3E5082197E2851CD75F30 /* WatchVoiceTransport.swift in Sources */ = {isa = PBXBuildFile; fileRef = F16E394DC77EF14BAE142B32 /* WatchVoiceTransport.swift */; };
		A74A27941BC416F02C965D17 /* BuildFingerprint.swift in Sources */ = {isa = PBXBuildFile; fileRef = 32C8DAF30CCFE15F09A5351A /* BuildFingerprint.swift */; };
		A9E722341F5CCE1CCF5D65CD /* WelcomeSpeech.m4a in Resources */ = {isa = PBXBuildFile; fileRef = 4872AA5D7D68F48548C7ABF5 /* WelcomeSpeech.m4a */; };
		AB03B7110AD0AB3696A9E607 /* ResultPlaybackLedger.swift in Sources */ = {isa = PBXBuildFile; fileRef = 52E037554E3E0CDA3ACF1D0B /* ResultPlaybackLedger.swift */; };
		AB38F702523DAB57ECDB758F /* AudioRecorder.swift in Sources */ = {isa = PBXBuildFile; fileRef = 98840DEEAC5DA7B6F8FCC628 /* AudioRecorder.swift */; };
		AC284F28E28E5427A577455B /* AgentModels.swift in Sources */ = {isa = PBXBuildFile; fileRef = CB1D464D47EC34B55A8C8411 /* AgentModels.swift */; };
		AF4B996A0E38234DCEE5FC09 /* WatchLog.swift in Sources */ = {isa = PBXBuildFile; fileRef = DDF08FF1AA89A3FD36122100 /* WatchLog.swift */; };
		B61FF83E4DCF49ED91557083 /* EncryptedAudioVault.swift in Sources */ = {isa = PBXBuildFile; fileRef = F7C56A17FC91DC667B51B7D6 /* EncryptedAudioVault.swift */; };
		B8341DE12C11F07793D54054 /* MainStatusCopy.swift in Sources */ = {isa = PBXBuildFile; fileRef = C608A2AC1FA2B2981F7EB790 /* MainStatusCopy.swift */; };
		BD58016CCCEA3B35C68B307A /* AvatarErrorPresenterTests.swift in Sources */ = {isa = PBXBuildFile; fileRef = CA9DA8A923948AE9124C19F9 /* AvatarErrorPresenterTests.swift */; };
		BF1A28E74E549CDAB4F6DB58 /* VoiceRelayEvents.swift in Sources */ = {isa = PBXBuildFile; fileRef = C58AEB9B4C54F952DFC96AB2 /* VoiceRelayEvents.swift */; };
		C2FE93AC9C1274EE211A3714 /* WelcomeGreeter.swift in Sources */ = {isa = PBXBuildFile; fileRef = F9FA489FA1C53D0A43298601 /* WelcomeGreeter.swift */; };
		C3D8984AB14E3ECEB93542E0 /* OpenWristAgentIntent.swift in Sources */ = {isa = PBXBuildFile; fileRef = 8F9C01710FDC8C90D754460F /* OpenWristAgentIntent.swift */; };
		CCB3BBBEF6EAB9DDD84249E5 /* AvatarErrorPresenter.swift in Sources */ = {isa = PBXBuildFile; fileRef = 448AA6286D0C4ACA51DC8ADD /* AvatarErrorPresenter.swift */; };
		CD555D87536F29C54A475DFB /* BridgeTurnProjection.swift in Sources */ = {isa = PBXBuildFile; fileRef = 5A61F7EAFB8A0CCF3D03F1D2 /* BridgeTurnProjection.swift */; };
		CEA31973C29CBFC9511A3BAB /* PlaybackEndgamePolicy.swift in Sources */ = {isa = PBXBuildFile; fileRef = 9F3363DB5FB9EF9FF44F0744 /* PlaybackEndgamePolicy.swift */; };
		CFE0EF1FB0CD60D2CA12A03B /* SelfCheckPolicy.swift in Sources */ = {isa = PBXBuildFile; fileRef = 5781515B605FE09873311309 /* SelfCheckPolicy.swift */; };
		D23E8DF58407ADEEE6F36F3A /* SubtitleScript.swift in Sources */ = {isa = PBXBuildFile; fileRef = C426A9FB7C2456FD57F1BA1E /* SubtitleScript.swift */; };
		D482537406EC7EC94069E3AF /* WristAgentPhoneRelay.swift in Sources */ = {isa = PBXBuildFile; fileRef = 79F87E24A5046DA1229304B2 /* WristAgentPhoneRelay.swift */; };
		D9B1A7DECC44E46204E0FFF3 /* UUIDv7.swift in Sources */ = {isa = PBXBuildFile; fileRef = E36424AC38F0A8BB28751248 /* UUIDv7.swift */; };
		DADA85367CAACD55C3514A81 /* CompanionSettings.swift in Sources */ = {isa = PBXBuildFile; fileRef = 0DFA30C0EEFD46DDC835A5B6 /* CompanionSettings.swift */; };
		DBE963FE2EC46A5678CC5122 /* AudioRecorderDurationTests.swift in Sources */ = {isa = PBXBuildFile; fileRef = 24DF76CA9FD4F1F5347735D9 /* AudioRecorderDurationTests.swift */; };
		E0C092AAB8EB860FC6D5A0B7 /* AgentModels.swift in Sources */ = {isa = PBXBuildFile; fileRef = CB1D464D47EC34B55A8C8411 /* AgentModels.swift */; };
		E1EB77C2B2AFD2E3C00EC110 /* VoiceSessionKeeper.swift in Sources */ = {isa = PBXBuildFile; fileRef = D0E2B5FAE82F1D44C2C36616 /* VoiceSessionKeeper.swift */; };
		E67E11F4044782400305330E /* WatchContentView.swift in Sources */ = {isa = PBXBuildFile; fileRef = 937C17EC6A16413E34C276A2 /* WatchContentView.swift */; };
		E817250A3DAFD3D2F889876B /* BridgeTurnProjection.swift in Sources */ = {isa = PBXBuildFile; fileRef = 5A61F7EAFB8A0CCF3D03F1D2 /* BridgeTurnProjection.swift */; };
		EFF14C832245DFFF4D10E97F /* VoiceRelayWire.swift in Sources */ = {isa = PBXBuildFile; fileRef = 035DF4EEFBF9F540A0B791F7 /* VoiceRelayWire.swift */; };
		F085E299171F674D4D155E09 /* SecureTokenStore.swift in Sources */ = {isa = PBXBuildFile; fileRef = CC28E8D4A89C399924568EEB /* SecureTokenStore.swift */; };
		F0F7837AE17D55F9D65F291C /* VoiceInteractionCue.swift in Sources */ = {isa = PBXBuildFile; fileRef = D70795CA9CC1B496467FE2B8 /* VoiceInteractionCue.swift */; };
		F37461CE8CBFD3BCF3959F2D /* RuntimeSessionPolicy.swift in Sources */ = {isa = PBXBuildFile; fileRef = 2B644F4BEAE260E21C555E9E /* RuntimeSessionPolicy.swift */; };
		FD2534104A35901AC28B604D /* VoiceRelayEvents.swift in Sources */ = {isa = PBXBuildFile; fileRef = C58AEB9B4C54F952DFC96AB2 /* VoiceRelayEvents.swift */; };
		FD6002847EC794CD155710D5 /* VoiceOutbox.swift in Sources */ = {isa = PBXBuildFile; fileRef = CB7ABFE8DE51D05121E27317 /* VoiceOutbox.swift */; };
		FF0CBF3B2F165CCB9D3F426C /* ConversationHistory.swift in Sources */ = {isa = PBXBuildFile; fileRef = E92A4F28175D63C6FBD62D7E /* ConversationHistory.swift */; };
		FF6E483DDC04EDE981F240A3 /* ClientLogUplink.swift in Sources */ = {isa = PBXBuildFile; fileRef = BF28D500590D9DF5BF4D748A /* ClientLogUplink.swift */; };
		FFC6B09DA5B4296BAC67C690 /* ErrorCueCatalog.swift in Sources */ = {isa = PBXBuildFile; fileRef = 3A74603EEEBF6327940BB0BE /* ErrorCueCatalog.swift */; };
/* End PBXBuildFile section */

/* Begin PBXContainerItemProxy section */
		3ABDD484832A2B8AC012AB10 /* PBXContainerItemProxy */ = {
			isa = PBXContainerItemProxy;
			containerPortal = 85B21323A96B25B07A518363 /* Project object */;
			proxyType = 1;
			remoteGlobalIDString = 3B9F782E44A10D91CA405688;
			remoteInfo = "WristAgent Watch App";
		};
		5C0E5E45E54971F12131FC3A /* PBXContainerItemProxy */ = {
			isa = PBXContainerItemProxy;
			containerPortal = 85B21323A96B25B07A518363 /* Project object */;
			proxyType = 1;
			remoteGlobalIDString = 3B9F782E44A10D91CA405688;
			remoteInfo = "WristAgent Watch App";
		};
/* End PBXContainerItemProxy section */

/* Begin PBXCopyFilesBuildPhase section */
		AF1FC1576001107B475D1B07 /* Embed Watch Content */ = {
			isa = PBXCopyFilesBuildPhase;
			buildActionMask = 2147483647;
			dstPath = "$(CONTENTS_FOLDER_PATH)/Watch";
			dstSubfolderSpec = 16;
			files = (
				24ABA6464E98C3CA60DE366E /* WristAgent Watch App.app in Embed Watch Content */,
			);
			name = "Embed Watch Content";
			runOnlyForDeploymentPostprocessing = 0;
		};
/* End PBXCopyFilesBuildPhase section */

/* Begin PBXFileReference section */
		035DF4EEFBF9F540A0B791F7 /* VoiceRelayWire.swift */ = {isa = PBXFileReference; lastKnownFileType = sourcecode.swift; path = VoiceRelayWire.swift; sourceTree = "<group>"; };
		08AB0CED9CE83E1BB446A82C /* PhoneConnectivity.swift */ = {isa = PBXFileReference; lastKnownFileType = sourcecode.swift; path = PhoneConnectivity.swift; sourceTree = "<group>"; };
		0BA9A4A00B136A1EF90FC2D9 /* WristAgent.entitlements */ = {isa = PBXFileReference; lastKnownFileType = text.plist.entitlements; path = WristAgent.entitlements; sourceTree = "<group>"; };
		0D83133781FDC42821BB13DF /* SpeechPlayerInterruptionTests.swift */ = {isa = PBXFileReference; lastKnownFileType = sourcecode.swift; path = SpeechPlayerInterruptionTests.swift; sourceTree = "<group>"; };
		0DAD45847A8F17F8D430ACB9 /* AudioRecorderHandoverTests.swift */ = {isa = PBXFileReference; lastKnownFileType = sourcecode.swift; path = AudioRecorderHandoverTests.swift; sourceTree = "<group>"; };
		0DFA30C0EEFD46DDC835A5B6 /* CompanionSettings.swift */ = {isa = PBXFileReference; lastKnownFileType = sourcecode.swift; path = CompanionSettings.swift; sourceTree = "<group>"; };
		0EAD7935F2F128D8408C210F /* VoiceStatusEnvelope.swift */ = {isa = PBXFileReference; lastKnownFileType = sourcecode.swift; path = VoiceStatusEnvelope.swift; sourceTree = "<group>"; };
		13475F099EA8ADC39FB4651D /* ResultNotificationPolicy.swift */ = {isa = PBXFileReference; lastKnownFileType = sourcecode.swift; path = ResultNotificationPolicy.swift; sourceTree = "<group>"; };
		13F51C6DCBABB59C404B307D /* Info.plist */ = {isa = PBXFileReference; lastKnownFileType = text.plist; path = Info.plist; sourceTree = "<group>"; };
		16A065FFB735532D201B2183 /* VoiceRequestEnvelope.swift */ = {isa = PBXFileReference; lastKnownFileType = sourcecode.swift; path = VoiceRequestEnvelope.swift; sourceTree = "<group>"; };
		1AB8CD6D695437D845CE87AF /* VoiceRequestInbox.swift */ = {isa = PBXFileReference; lastKnownFileType = sourcecode.swift; path = VoiceRequestInbox.swift; sourceTree = "<group>"; };
		234EBF336FF2F9724F289524 /* ClientLog.swift */ = {isa = PBXFileReference; lastKnownFileType = sourcecode.swift; path = ClientLog.swift; sourceTree = "<group>"; };
		24DF76CA9FD4F1F5347735D9 /* AudioRecorderDurationTests.swift */ = {isa = PBXFileReference; lastKnownFileType = sourcecode.swift; path = AudioRecorderDurationTests.swift; sourceTree = "<group>"; };
		2B644F4BEAE260E21C555E9E /* RuntimeSessionPolicy.swift */ = {isa = PBXFileReference; lastKnownFileType = sourcecode.swift; path = RuntimeSessionPolicy.swift; sourceTree = "<group>"; };
		2E4C7D8E5213EE0C04CA8BEC /* Assets.xcassets */ = {isa = PBXFileReference; lastKnownFileType = folder.assetcatalog; path = Assets.xcassets; sourceTree = "<group>"; };
		2E88D71F4696224E69D652E8 /* WristAgent Watch App.app */ = {isa = PBXFileReference; explicitFileType = wrapper.application; includeInIndex = 0; path = "WristAgent Watch App.app"; sourceTree = BUILT_PRODUCTS_DIR; };
		32C8DAF30CCFE15F09A5351A /* BuildFingerprint.swift */ = {isa = PBXFileReference; lastKnownFileType = sourcecode.swift; path = BuildFingerprint.swift; sourceTree = "<group>"; };
		36A3DD675D9E3E4CDC7C7C5A /* WristAgentApp.swift */ = {isa = PBXFileReference; lastKnownFileType = sourcecode.swift; path = WristAgentApp.swift; sourceTree = "<group>"; };
		385A7BF623716F8B230FD7E7 /* SubtitlePlaybackView.swift */ = {isa = PBXFileReference; lastKnownFileType = sourcecode.swift; path = SubtitlePlaybackView.swift; sourceTree = "<group>"; };
		38CFFC49761BA3D8F3C402C8 /* AvatarErrorCardView.swift */ = {isa = PBXFileReference; lastKnownFileType = sourcecode.swift; path = AvatarErrorCardView.swift; sourceTree = "<group>"; };
		3A74603EEEBF6327940BB0BE /* ErrorCueCatalog.swift */ = {isa = PBXFileReference; lastKnownFileType = sourcecode.swift; path = ErrorCueCatalog.swift; sourceTree = "<group>"; };
		448AA6286D0C4ACA51DC8ADD /* AvatarErrorPresenter.swift */ = {isa = PBXFileReference; lastKnownFileType = sourcecode.swift; path = AvatarErrorPresenter.swift; sourceTree = "<group>"; };
		4872AA5D7D68F48548C7ABF5 /* WelcomeSpeech.m4a */ = {isa = PBXFileReference; path = WelcomeSpeech.m4a; sourceTree = "<group>"; };
		52E037554E3E0CDA3ACF1D0B /* ResultPlaybackLedger.swift */ = {isa = PBXFileReference; lastKnownFileType = sourcecode.swift; path = ResultPlaybackLedger.swift; sourceTree = "<group>"; };
		53B51BD6D2B825F5E3E2A727 /* WristAgent Watch Tests.xctest */ = {isa = PBXFileReference; explicitFileType = wrapper.cfbundle; includeInIndex = 0; path = "WristAgent Watch Tests.xctest"; sourceTree = BUILT_PRODUCTS_DIR; };
		5781515B605FE09873311309 /* SelfCheckPolicy.swift */ = {isa = PBXFileReference; lastKnownFileType = sourcecode.swift; path = SelfCheckPolicy.swift; sourceTree = "<group>"; };
		5A61F7EAFB8A0CCF3D03F1D2 /* BridgeTurnProjection.swift */ = {isa = PBXFileReference; lastKnownFileType = sourcecode.swift; path = BridgeTurnProjection.swift; sourceTree = "<group>"; };
		5CAC488B088EEC6542FF5CAB /* PlaybackEndgameChainTests.swift */ = {isa = PBXFileReference; lastKnownFileType = sourcecode.swift; path = PlaybackEndgameChainTests.swift; sourceTree = "<group>"; };
		67C6A03628F073DFB7BD92CF /* Assets.xcassets */ = {isa = PBXFileReference; lastKnownFileType = folder.assetcatalog; path = Assets.xcassets; sourceTree = "<group>"; };
		6AE6645A23368CC50DBD7CCE /* WristAgent.app */ = {isa = PBXFileReference; includeInIndex = 0; lastKnownFileType = wrapper.application; path = WristAgent.app; sourceTree = BUILT_PRODUCTS_DIR; };
		7669A09014913EDDEC887BBE /* SpeechPlayer.swift */ = {isa = PBXFileReference; lastKnownFileType = sourcecode.swift; path = SpeechPlayer.swift; sourceTree = "<group>"; };
		797588258D8FFBB69B05BB71 /* ResultNotifier.swift */ = {isa = PBXFileReference; lastKnownFileType = sourcecode.swift; path = ResultNotifier.swift; sourceTree = "<group>"; };
		79F87E24A5046DA1229304B2 /* WristAgentPhoneRelay.swift */ = {isa = PBXFileReference; lastKnownFileType = sourcecode.swift; path = WristAgentPhoneRelay.swift; sourceTree = "<group>"; };
		7D32404639DC13C1A992EC83 /* WatchHaptics.swift */ = {isa = PBXFileReference; lastKnownFileType = sourcecode.swift; path = WatchHaptics.swift; sourceTree = "<group>"; };
		7FB53D6920928D88D7BE6631 /* PushToTalkController.swift */ = {isa = PBXFileReference; lastKnownFileType = sourcecode.swift; path = PushToTalkController.swift; sourceTree = "<group>"; };
		837F0B1D0B26EA8AFCAAC4A0 /* WristAgentWatch.entitlements */ = {isa = PBXFileReference; lastKnownFileType = text.plist.entitlements; path = WristAgentWatch.entitlements; sourceTree = "<group>"; };
		88E0836FA054B69DBE4F3E16 /* RetryRecordingStore.swift */ = {isa = PBXFileReference; lastKnownFileType = sourcecode.swift; path = RetryRecordingStore.swift; sourceTree = "<group>"; };
		8CA853AA557CCC08A3446DED /* VoiceOrbView.swift */ = {isa = PBXFileReference; lastKnownFileType = sourcecode.swift; path = VoiceOrbView.swift; sourceTree = "<group>"; };
		8D4D9B7BAB821EF5BEF00394 /* ConversationTimelineView.swift */ = {isa = PBXFileReference; lastKnownFileType = sourcecode.swift; path = ConversationTimelineView.swift; sourceTree = "<group>"; };
		8F9C01710FDC8C90D754460F /* OpenWristAgentIntent.swift */ = {isa = PBXFileReference; lastKnownFileType = sourcecode.swift; path = OpenWristAgentIntent.swift; sourceTree = "<group>"; };
		905294A59B10050708A50FBF /* PlaybackRecoveryPolicy.swift */ = {isa = PBXFileReference; lastKnownFileType = sourcecode.swift; path = PlaybackRecoveryPolicy.swift; sourceTree = "<group>"; };
		937C17EC6A16413E34C276A2 /* WatchContentView.swift */ = {isa = PBXFileReference; lastKnownFileType = sourcecode.swift; path = WatchContentView.swift; sourceTree = "<group>"; };
		98840DEEAC5DA7B6F8FCC628 /* AudioRecorder.swift */ = {isa = PBXFileReference; lastKnownFileType = sourcecode.swift; path = AudioRecorder.swift; sourceTree = "<group>"; };
		9A2CDFE23539DF4DB5ADDAF7 /* CompanionContentView.swift */ = {isa = PBXFileReference; lastKnownFileType = sourcecode.swift; path = CompanionContentView.swift; sourceTree = "<group>"; };
		9F3363DB5FB9EF9FF44F0744 /* PlaybackEndgamePolicy.swift */ = {isa = PBXFileReference; lastKnownFileType = sourcecode.swift; path = PlaybackEndgamePolicy.swift; sourceTree = "<group>"; };
		B1CE1503A0D6F97C52A835D5 /* WatchAppDelegate.swift */ = {isa = PBXFileReference; lastKnownFileType = sourcecode.swift; path = WatchAppDelegate.swift; sourceTree = "<group>"; };
		B9D95B86CF79B5796D5EA9DC /* SelfCheck.swift */ = {isa = PBXFileReference; lastKnownFileType = sourcecode.swift; path = SelfCheck.swift; sourceTree = "<group>"; };
		BF28D500590D9DF5BF4D748A /* ClientLogUplink.swift */ = {isa = PBXFileReference; lastKnownFileType = sourcecode.swift; path = ClientLogUplink.swift; sourceTree = "<group>"; };
		C10B09D1AD3BA287A3856E6E /* WristAgentWatchApp.swift */ = {isa = PBXFileReference; lastKnownFileType = sourcecode.swift; path = WristAgentWatchApp.swift; sourceTree = "<group>"; };
		C426A9FB7C2456FD57F1BA1E /* SubtitleScript.swift */ = {isa = PBXFileReference; lastKnownFileType = sourcecode.swift; path = SubtitleScript.swift; sourceTree = "<group>"; };
		C58AEB9B4C54F952DFC96AB2 /* VoiceRelayEvents.swift */ = {isa = PBXFileReference; lastKnownFileType = sourcecode.swift; path = VoiceRelayEvents.swift; sourceTree = "<group>"; };
		C608A2AC1FA2B2981F7EB790 /* MainStatusCopy.swift */ = {isa = PBXFileReference; lastKnownFileType = sourcecode.swift; path = MainStatusCopy.swift; sourceTree = "<group>"; };
		C6F558DCDF4B9CA8F0BA2E2D /* VoiceTurnJournal.swift */ = {isa = PBXFileReference; lastKnownFileType = sourcecode.swift; path = VoiceTurnJournal.swift; sourceTree = "<group>"; };
		C85D18E0360A2A1EBDF04975 /* WatchSettingsStore.swift */ = {isa = PBXFileReference; lastKnownFileType = sourcecode.swift; path = WatchSettingsStore.swift; sourceTree = "<group>"; };
		CA60FA5DC7EA82EC5729B54B /* WatchDownlinkOutbox.swift */ = {isa = PBXFileReference; lastKnownFileType = sourcecode.swift; path = WatchDownlinkOutbox.swift; sourceTree = "<group>"; };
		CA9DA8A923948AE9124C19F9 /* AvatarErrorPresenterTests.swift */ = {isa = PBXFileReference; lastKnownFileType = sourcecode.swift; path = AvatarErrorPresenterTests.swift; sourceTree = "<group>"; };
		CB1D464D47EC34B55A8C8411 /* AgentModels.swift */ = {isa = PBXFileReference; lastKnownFileType = sourcecode.swift; path = AgentModels.swift; sourceTree = "<group>"; };
		CB7ABFE8DE51D05121E27317 /* VoiceOutbox.swift */ = {isa = PBXFileReference; lastKnownFileType = sourcecode.swift; path = VoiceOutbox.swift; sourceTree = "<group>"; };
		CC28E8D4A89C399924568EEB /* SecureTokenStore.swift */ = {isa = PBXFileReference; lastKnownFileType = sourcecode.swift; path = SecureTokenStore.swift; sourceTree = "<group>"; };
		CC3ECBAA9A62DE9AED7C9C34 /* AudioSessionPolicy.swift */ = {isa = PBXFileReference; lastKnownFileType = sourcecode.swift; path = AudioSessionPolicy.swift; sourceTree = "<group>"; };
		CE83A54EC29559337BA73D64 /* SelfCheckYieldBarrierTests.swift */ = {isa = PBXFileReference; lastKnownFileType = sourcecode.swift; path = SelfCheckYieldBarrierTests.swift; sourceTree = "<group>"; };
		D0A1CA98E116775B1257DB33 /* PhoneHistoryViews.swift */ = {isa = PBXFileReference; lastKnownFileType = sourcecode.swift; path = PhoneHistoryViews.swift; sourceTree = "<group>"; };
		D0E2B5FAE82F1D44C2C36616 /* VoiceSessionKeeper.swift */ = {isa = PBXFileReference; lastKnownFileType = sourcecode.swift; path = VoiceSessionKeeper.swift; sourceTree = "<group>"; };
		D70795CA9CC1B496467FE2B8 /* VoiceInteractionCue.swift */ = {isa = PBXFileReference; lastKnownFileType = sourcecode.swift; path = VoiceInteractionCue.swift; sourceTree = "<group>"; };
		DA80AE8DA7716EC314B4D3C7 /* WatchLogShipper.swift */ = {isa = PBXFileReference; lastKnownFileType = sourcecode.swift; path = WatchLogShipper.swift; sourceTree = "<group>"; };
		DD573B88FBB9CCE341ED1513 /* RecorderErrorCopyTests.swift */ = {isa = PBXFileReference; lastKnownFileType = sourcecode.swift; path = RecorderErrorCopyTests.swift; sourceTree = "<group>"; };
		DDF08FF1AA89A3FD36122100 /* WatchLog.swift */ = {isa = PBXFileReference; lastKnownFileType = sourcecode.swift; path = WatchLog.swift; sourceTree = "<group>"; };
		DE20A46446B578002D231E7D /* Info.plist */ = {isa = PBXFileReference; lastKnownFileType = text.plist; path = Info.plist; sourceTree = "<group>"; };
		E36424AC38F0A8BB28751248 /* UUIDv7.swift */ = {isa = PBXFileReference; lastKnownFileType = sourcecode.swift; path = UUIDv7.swift; sourceTree = "<group>"; };
		E92A4F28175D63C6FBD62D7E /* ConversationHistory.swift */ = {isa = PBXFileReference; lastKnownFileType = sourcecode.swift; path = ConversationHistory.swift; sourceTree = "<group>"; };
		F0D0D96E379DBB5414F01FA7 /* PermissionRequestView.swift */ = {isa = PBXFileReference; lastKnownFileType = sourcecode.swift; path = PermissionRequestView.swift; sourceTree = "<group>"; };
		F16E394DC77EF14BAE142B32 /* WatchVoiceTransport.swift */ = {isa = PBXFileReference; lastKnownFileType = sourcecode.swift; path = WatchVoiceTransport.swift; sourceTree = "<group>"; };
		F7C56A17FC91DC667B51B7D6 /* EncryptedAudioVault.swift */ = {isa = PBXFileReference; lastKnownFileType = sourcecode.swift; path = EncryptedAudioVault.swift; sourceTree = "<group>"; };
		F928ACBF6FA59402D5EB1275 /* VoiceTurnState.swift */ = {isa = PBXFileReference; lastKnownFileType = sourcecode.swift; path = VoiceTurnState.swift; sourceTree = "<group>"; };
		F9FA489FA1C53D0A43298601 /* WelcomeGreeter.swift */ = {isa = PBXFileReference; lastKnownFileType = sourcecode.swift; path = WelcomeGreeter.swift; sourceTree = "<group>"; };
/* End PBXFileReference section */

/* Begin PBXGroup section */
		1496EF7B8FA3D1016A22CDC1 /* Shared */ = {
			isa = PBXGroup;
			children = (
				CB1D464D47EC34B55A8C8411 /* AgentModels.swift */,
				CC3ECBAA9A62DE9AED7C9C34 /* AudioSessionPolicy.swift */,
				5A61F7EAFB8A0CCF3D03F1D2 /* BridgeTurnProjection.swift */,
				32C8DAF30CCFE15F09A5351A /* BuildFingerprint.swift */,
				234EBF336FF2F9724F289524 /* ClientLog.swift */,
				E92A4F28175D63C6FBD62D7E /* ConversationHistory.swift */,
				F7C56A17FC91DC667B51B7D6 /* EncryptedAudioVault.swift */,
				3A74603EEEBF6327940BB0BE /* ErrorCueCatalog.swift */,
				C608A2AC1FA2B2981F7EB790 /* MainStatusCopy.swift */,
				9F3363DB5FB9EF9FF44F0744 /* PlaybackEndgamePolicy.swift */,
				905294A59B10050708A50FBF /* PlaybackRecoveryPolicy.swift */,
				13475F099EA8ADC39FB4651D /* ResultNotificationPolicy.swift */,
				52E037554E3E0CDA3ACF1D0B /* ResultPlaybackLedger.swift */,
				88E0836FA054B69DBE4F3E16 /* RetryRecordingStore.swift */,
				2B644F4BEAE260E21C555E9E /* RuntimeSessionPolicy.swift */,
				CC28E8D4A89C399924568EEB /* SecureTokenStore.swift */,
				5781515B605FE09873311309 /* SelfCheckPolicy.swift */,
				C426A9FB7C2456FD57F1BA1E /* SubtitleScript.swift */,
				E36424AC38F0A8BB28751248 /* UUIDv7.swift */,
				D70795CA9CC1B496467FE2B8 /* VoiceInteractionCue.swift */,
				CB7ABFE8DE51D05121E27317 /* VoiceOutbox.swift */,
				C58AEB9B4C54F952DFC96AB2 /* VoiceRelayEvents.swift */,
				035DF4EEFBF9F540A0B791F7 /* VoiceRelayWire.swift */,
				16A065FFB735532D201B2183 /* VoiceRequestEnvelope.swift */,
				1AB8CD6D695437D845CE87AF /* VoiceRequestInbox.swift */,
				0EAD7935F2F128D8408C210F /* VoiceStatusEnvelope.swift */,
				C6F558DCDF4B9CA8F0BA2E2D /* VoiceTurnJournal.swift */,
				F928ACBF6FA59402D5EB1275 /* VoiceTurnState.swift */,
				CA60FA5DC7EA82EC5729B54B /* WatchDownlinkOutbox.swift */,
			);
			path = Shared;
			sourceTree = "<group>";
		};
		4E184E507C9CBF19D717ECE8 /* Resources */ = {
			isa = PBXGroup;
			children = (
				4872AA5D7D68F48548C7ABF5 /* WelcomeSpeech.m4a */,
			);
			path = Resources;
			sourceTree = "<group>";
		};
		54A036CF449463DCBB1BE0B1 /* iOS */ = {
			isa = PBXGroup;
			children = (
				2E4C7D8E5213EE0C04CA8BEC /* Assets.xcassets */,
				BF28D500590D9DF5BF4D748A /* ClientLogUplink.swift */,
				9A2CDFE23539DF4DB5ADDAF7 /* CompanionContentView.swift */,
				0DFA30C0EEFD46DDC835A5B6 /* CompanionSettings.swift */,
				DE20A46446B578002D231E7D /* Info.plist */,
				08AB0CED9CE83E1BB446A82C /* PhoneConnectivity.swift */,
				D0A1CA98E116775B1257DB33 /* PhoneHistoryViews.swift */,
				0BA9A4A00B136A1EF90FC2D9 /* WristAgent.entitlements */,
				36A3DD675D9E3E4CDC7C7C5A /* WristAgentApp.swift */,
				79F87E24A5046DA1229304B2 /* WristAgentPhoneRelay.swift */,
			);
			path = iOS;
			sourceTree = "<group>";
		};
		BE04671AC7E90D1581E6AC05 /* Watch */ = {
			isa = PBXGroup;
			children = (
				4E184E507C9CBF19D717ECE8 /* Resources */,
				67C6A03628F073DFB7BD92CF /* Assets.xcassets */,
				98840DEEAC5DA7B6F8FCC628 /* AudioRecorder.swift */,
				38CFFC49761BA3D8F3C402C8 /* AvatarErrorCardView.swift */,
				448AA6286D0C4ACA51DC8ADD /* AvatarErrorPresenter.swift */,
				8D4D9B7BAB821EF5BEF00394 /* ConversationTimelineView.swift */,
				13F51C6DCBABB59C404B307D /* Info.plist */,
				8F9C01710FDC8C90D754460F /* OpenWristAgentIntent.swift */,
				F0D0D96E379DBB5414F01FA7 /* PermissionRequestView.swift */,
				7FB53D6920928D88D7BE6631 /* PushToTalkController.swift */,
				797588258D8FFBB69B05BB71 /* ResultNotifier.swift */,
				B9D95B86CF79B5796D5EA9DC /* SelfCheck.swift */,
				7669A09014913EDDEC887BBE /* SpeechPlayer.swift */,
				385A7BF623716F8B230FD7E7 /* SubtitlePlaybackView.swift */,
				8CA853AA557CCC08A3446DED /* VoiceOrbView.swift */,
				D0E2B5FAE82F1D44C2C36616 /* VoiceSessionKeeper.swift */,
				B1CE1503A0D6F97C52A835D5 /* WatchAppDelegate.swift */,
				937C17EC6A16413E34C276A2 /* WatchContentView.swift */,
				7D32404639DC13C1A992EC83 /* WatchHaptics.swift */,
				DDF08FF1AA89A3FD36122100 /* WatchLog.swift */,
				DA80AE8DA7716EC314B4D3C7 /* WatchLogShipper.swift */,
				C85D18E0360A2A1EBDF04975 /* WatchSettingsStore.swift */,
				F16E394DC77EF14BAE142B32 /* WatchVoiceTransport.swift */,
				F9FA489FA1C53D0A43298601 /* WelcomeGreeter.swift */,
				837F0B1D0B26EA8AFCAAC4A0 /* WristAgentWatch.entitlements */,
				C10B09D1AD3BA287A3856E6E /* WristAgentWatchApp.swift */,
			);
			path = Watch;
			sourceTree = "<group>";
		};
		C2ED56EF033338F62BCCC439 /* Products */ = {
			isa = PBXGroup;
			children = (
				2E88D71F4696224E69D652E8 /* WristAgent Watch App.app */,
				53B51BD6D2B825F5E3E2A727 /* WristAgent Watch Tests.xctest */,
				6AE6645A23368CC50DBD7CCE /* WristAgent.app */,
			);
			name = Products;
			sourceTree = "<group>";
		};
		E0960019F13FD9B843014358 /* WatchTests */ = {
			isa = PBXGroup;
			children = (
				24DF76CA9FD4F1F5347735D9 /* AudioRecorderDurationTests.swift */,
				0DAD45847A8F17F8D430ACB9 /* AudioRecorderHandoverTests.swift */,
				CA9DA8A923948AE9124C19F9 /* AvatarErrorPresenterTests.swift */,
				5CAC488B088EEC6542FF5CAB /* PlaybackEndgameChainTests.swift */,
				DD573B88FBB9CCE341ED1513 /* RecorderErrorCopyTests.swift */,
				CE83A54EC29559337BA73D64 /* SelfCheckYieldBarrierTests.swift */,
				0D83133781FDC42821BB13DF /* SpeechPlayerInterruptionTests.swift */,
			);
			path = WatchTests;
			sourceTree = "<group>";
		};
		E1B879DD167EA2622A8B6421 = {
			isa = PBXGroup;
			children = (
				54A036CF449463DCBB1BE0B1 /* iOS */,
				1496EF7B8FA3D1016A22CDC1 /* Shared */,
				BE04671AC7E90D1581E6AC05 /* Watch */,
				E0960019F13FD9B843014358 /* WatchTests */,
				C2ED56EF033338F62BCCC439 /* Products */,
			);
			sourceTree = "<group>";
		};
/* End PBXGroup section */

/* Begin PBXNativeTarget section */
		3B9F782E44A10D91CA405688 /* WristAgent Watch App */ = {
			isa = PBXNativeTarget;
			buildConfigurationList = 03266D2CD3842F03DDA8362D /* Build configuration list for PBXNativeTarget "WristAgent Watch App" */;
			buildPhases = (
				865E0336E3E3F920975EE757 /* Sources */,
				BE1C63E02139BA09FD664E74 /* Resources */,
			);
			buildRules = (
			);
			dependencies = (
			);
			name = "WristAgent Watch App";
			packageProductDependencies = (
			);
			productName = "WristAgent Watch App";
			productReference = 2E88D71F4696224E69D652E8 /* WristAgent Watch App.app */;
			productType = "com.apple.product-type.application";
		};
		4DEDBCFFC6FBD241C13DA076 /* WristAgent Watch Tests */ = {
			isa = PBXNativeTarget;
			buildConfigurationList = 58B3A62C267FD5AA4CB5F80D /* Build configuration list for PBXNativeTarget "WristAgent Watch Tests" */;
			buildPhases = (
				CEBFC7EE611A2021E73F041A /* Sources */,
			);
			buildRules = (
			);
			dependencies = (
				CD9B13C4307B406F5162154C /* PBXTargetDependency */,
			);
			name = "WristAgent Watch Tests";
			packageProductDependencies = (
			);
			productName = "WristAgent Watch Tests";
			productReference = 53B51BD6D2B825F5E3E2A727 /* WristAgent Watch Tests.xctest */;
			productType = "com.apple.product-type.bundle.unit-test";
		};
		CF25B19D6DB2959DBE22B263 /* WristAgent */ = {
			isa = PBXNativeTarget;
			buildConfigurationList = 5A8246362B99773025EFC65D /* Build configuration list for PBXNativeTarget "WristAgent" */;
			buildPhases = (
				85E2CB81B75454076D009B1F /* Sources */,
				53AE97197D7D09E43D01EE1D /* Resources */,
				AF1FC1576001107B475D1B07 /* Embed Watch Content */,
			);
			buildRules = (
			);
			dependencies = (
				651C53D26B4E980B5D9B6338 /* PBXTargetDependency */,
			);
			name = WristAgent;
			packageProductDependencies = (
			);
			productName = WristAgent;
			productReference = 6AE6645A23368CC50DBD7CCE /* WristAgent.app */;
			productType = "com.apple.product-type.application";
		};
/* End PBXNativeTarget section */

/* Begin PBXProject section */
		85B21323A96B25B07A518363 /* Project object */ = {
			isa = PBXProject;
			attributes = {
				BuildIndependentTargetsInParallel = YES;
				LastUpgradeCheck = 1600;
				TargetAttributes = {
					3B9F782E44A10D91CA405688 = {
						DevelopmentTeam = "";
						ProvisioningStyle = Automatic;
					};
					4DEDBCFFC6FBD241C13DA076 = {
						DevelopmentTeam = "";
						ProvisioningStyle = Automatic;
					};
					CF25B19D6DB2959DBE22B263 = {
						DevelopmentTeam = "";
						ProvisioningStyle = Automatic;
					};
				};
			};
			buildConfigurationList = E8625A09061DDCD41E1426D1 /* Build configuration list for PBXProject "WristAgent" */;
			developmentRegion = en;
			hasScannedForEncodings = 0;
			knownRegions = (
				Base,
				en,
			);
			mainGroup = E1B879DD167EA2622A8B6421;
			minimizedProjectReferenceProxies = 1;
			preferredProjectObjectVersion = 77;
			productRefGroup = C2ED56EF033338F62BCCC439 /* Products */;
			projectDirPath = "";
			projectRoot = "";
			targets = (
				CF25B19D6DB2959DBE22B263 /* WristAgent */,
				3B9F782E44A10D91CA405688 /* WristAgent Watch App */,
				4DEDBCFFC6FBD241C13DA076 /* WristAgent Watch Tests */,
			);
		};
/* End PBXProject section */

/* Begin PBXResourcesBuildPhase section */
		53AE97197D7D09E43D01EE1D /* Resources */ = {
			isa = PBXResourcesBuildPhase;
			buildActionMask = 2147483647;
			files = (
				2A9E736342EF755E3A8DA8AF /* Assets.xcassets in Resources */,
			);
			runOnlyForDeploymentPostprocessing = 0;
		};
		BE1C63E02139BA09FD664E74 /* Resources */ = {
			isa = PBXResourcesBuildPhase;
			buildActionMask = 2147483647;
			files = (
				28EA2E815D8252770E3221F1 /* Assets.xcassets in Resources */,
				A9E722341F5CCE1CCF5D65CD /* WelcomeSpeech.m4a in Resources */,
			);
			runOnlyForDeploymentPostprocessing = 0;
		};
/* End PBXResourcesBuildPhase section */

/* Begin PBXSourcesBuildPhase section */
		85E2CB81B75454076D009B1F /* Sources */ = {
			isa = PBXSourcesBuildPhase;
			buildActionMask = 2147483647;
			files = (
				E0C092AAB8EB860FC6D5A0B7 /* AgentModels.swift in Sources */,
				293E9641FC4B28984DCC0CF9 /* AudioSessionPolicy.swift in Sources */,
				CD555D87536F29C54A475DFB /* BridgeTurnProjection.swift in Sources */,
				A74A27941BC416F02C965D17 /* BuildFingerprint.swift in Sources */,
				486B5477826ED3933D89132E /* ClientLog.swift in Sources */,
				FF6E483DDC04EDE981F240A3 /* ClientLogUplink.swift in Sources */,
				3213E1FAF48D79262E5EA9FC /* CompanionContentView.swift in Sources */,
				DADA85367CAACD55C3514A81 /* CompanionSettings.swift in Sources */,
				FF0CBF3B2F165CCB9D3F426C /* ConversationHistory.swift in Sources */,
				B61FF83E4DCF49ED91557083 /* EncryptedAudioVault.swift in Sources */,
				FFC6B09DA5B4296BAC67C690 /* ErrorCueCatalog.swift in Sources */,
				B8341DE12C11F07793D54054 /* MainStatusCopy.swift in Sources */,
				0B14BB8E0DE371AE0274D4F9 /* PhoneConnectivity.swift in Sources */,
				8D74BBCA5601E569150562B6 /* PhoneHistoryViews.swift in Sources */,
				CEA31973C29CBFC9511A3BAB /* PlaybackEndgamePolicy.swift in Sources */,
				3BED828277BCE6296AFDC424 /* PlaybackRecoveryPolicy.swift in Sources */,
				06514EB08E697AAAEEA6F10A /* ResultNotificationPolicy.swift in Sources */,
				8E7B08D7721A06F71A5C9644 /* ResultPlaybackLedger.swift in Sources */,
				414956366089B530CE9C6F98 /* RetryRecordingStore.swift in Sources */,
				06E2F65AB24A39F35B1CB39D /* RuntimeSessionPolicy.swift in Sources */,
				F085E299171F674D4D155E09 /* SecureTokenStore.swift in Sources */,
				389212E3DA6FAA59F9910D22 /* SelfCheckPolicy.swift in Sources */,
				D23E8DF58407ADEEE6F36F3A /* SubtitleScript.swift in Sources */,
				59EF7588E503BBA5DF84681B /* UUIDv7.swift in Sources */,
				7E75E969A72336DBE618BEBE /* VoiceInteractionCue.swift in Sources */,
				3720FA2BBC2A5376CB24FD23 /* VoiceOutbox.swift in Sources */,
				FD2534104A35901AC28B604D /* VoiceRelayEvents.swift in Sources */,
				7F172712436C104970B3035C /* VoiceRelayWire.swift in Sources */,
				16999EF5199C5B5E800A83B8 /* VoiceRequestEnvelope.swift in Sources */,
				7CE7CD69630867506FAD3360 /* VoiceRequestInbox.swift in Sources */,
				20A0B47A1FB2A2099BE53146 /* VoiceStatusEnvelope.swift in Sources */,
				72AEE3274DC1730DAB22022E /* VoiceTurnJournal.swift in Sources */,
				4EACD0A9A1C336AA8BCB6677 /* VoiceTurnState.swift in Sources */,
				770DB683BEC61B9851F2B0D1 /* WatchDownlinkOutbox.swift in Sources */,
				3F6EA24FB3A3B46BD00BC2D0 /* WristAgentApp.swift in Sources */,
				D482537406EC7EC94069E3AF /* WristAgentPhoneRelay.swift in Sources */,
			);
			runOnlyForDeploymentPostprocessing = 0;
		};
		865E0336E3E3F920975EE757 /* Sources */ = {
			isa = PBXSourcesBuildPhase;
			buildActionMask = 2147483647;
			files = (
				AC284F28E28E5427A577455B /* AgentModels.swift in Sources */,
				AB38F702523DAB57ECDB758F /* AudioRecorder.swift in Sources */,
				8A5EEAA528E32C9DAB749BFD /* AudioSessionPolicy.swift in Sources */,
				9FCAF92E7F4BAF6D75258EC3 /* AvatarErrorCardView.swift in Sources */,
				CCB3BBBEF6EAB9DDD84249E5 /* AvatarErrorPresenter.swift in Sources */,
				E817250A3DAFD3D2F889876B /* BridgeTurnProjection.swift in Sources */,
				1EF906148F17573C9B7D948E /* BuildFingerprint.swift in Sources */,
				74339B1DE6A6C27DBE1885DD /* ClientLog.swift in Sources */,
				54817C157F20C92848363962 /* ConversationHistory.swift in Sources */,
				2600C4D0F1086887A7E1B04A /* ConversationTimelineView.swift in Sources */,
				34140BE278C262CF0BACEABE /* EncryptedAudioVault.swift in Sources */,
				1B82F586343739AA4F419D21 /* ErrorCueCatalog.swift in Sources */,
				82B50E90942BDC1117375BB7 /* MainStatusCopy.swift in Sources */,
				C3D8984AB14E3ECEB93542E0 /* OpenWristAgentIntent.swift in Sources */,
				34523D43C35817094DA2E618 /* PermissionRequestView.swift in Sources */,
				88162BC2A9F5ADF2F56E6246 /* PlaybackEndgamePolicy.swift in Sources */,
				7522A68DCE1692BE3EC03F18 /* PlaybackRecoveryPolicy.swift in Sources */,
				5E9988BFEA3673DAA88C1F70 /* PushToTalkController.swift in Sources */,
				3216F8C5F4A8D25615A5F8E4 /* ResultNotificationPolicy.swift in Sources */,
				070E69DBE697BF3DE0503A23 /* ResultNotifier.swift in Sources */,
				AB03B7110AD0AB3696A9E607 /* ResultPlaybackLedger.swift in Sources */,
				90F8E3490182A852E51E21D5 /* RetryRecordingStore.swift in Sources */,
				F37461CE8CBFD3BCF3959F2D /* RuntimeSessionPolicy.swift in Sources */,
				41214906A025D5C1E7C4ECA9 /* SecureTokenStore.swift in Sources */,
				7CBCA51C89D61E95EAD52B9D /* SelfCheck.swift in Sources */,
				CFE0EF1FB0CD60D2CA12A03B /* SelfCheckPolicy.swift in Sources */,
				2BE4825B9DE1357E0469CED7 /* SpeechPlayer.swift in Sources */,
				91EA78B6C755DACBB9576676 /* SubtitlePlaybackView.swift in Sources */,
				26780BEBF601751525AE9BDD /* SubtitleScript.swift in Sources */,
				D9B1A7DECC44E46204E0FFF3 /* UUIDv7.swift in Sources */,
				F0F7837AE17D55F9D65F291C /* VoiceInteractionCue.swift in Sources */,
				2AFB7EE475338CDAB23D6E85 /* VoiceOrbView.swift in Sources */,
				FD6002847EC794CD155710D5 /* VoiceOutbox.swift in Sources */,
				BF1A28E74E549CDAB4F6DB58 /* VoiceRelayEvents.swift in Sources */,
				EFF14C832245DFFF4D10E97F /* VoiceRelayWire.swift in Sources */,
				2531E7416965A3AFE0797407 /* VoiceRequestEnvelope.swift in Sources */,
				3679C158DB9AD81045389B1A /* VoiceRequestInbox.swift in Sources */,
				E1EB77C2B2AFD2E3C00EC110 /* VoiceSessionKeeper.swift in Sources */,
				72E757EA3A1C9DBEF705D3A5 /* VoiceStatusEnvelope.swift in Sources */,
				5B434395A63D5C4B37CCFD72 /* VoiceTurnJournal.swift in Sources */,
				6367A07D0292627141725AB1 /* VoiceTurnState.swift in Sources */,
				8FF97CA8FB1939F6B782BCAC /* WatchAppDelegate.swift in Sources */,
				E67E11F4044782400305330E /* WatchContentView.swift in Sources */,
				8E707FCD5F8E34356AF80305 /* WatchDownlinkOutbox.swift in Sources */,
				1DF752190D2F7A81145E12C8 /* WatchHaptics.swift in Sources */,
				AF4B996A0E38234DCEE5FC09 /* WatchLog.swift in Sources */,
				42DFE528414D5974292532FB /* WatchLogShipper.swift in Sources */,
				402E9DC1E4E2E918917E9B58 /* WatchSettingsStore.swift in Sources */,
				9FE3E5082197E2851CD75F30 /* WatchVoiceTransport.swift in Sources */,
				C2FE93AC9C1274EE211A3714 /* WelcomeGreeter.swift in Sources */,
				487F199E241E68A3B8696D31 /* WristAgentWatchApp.swift in Sources */,
			);
			runOnlyForDeploymentPostprocessing = 0;
		};
		CEBFC7EE611A2021E73F041A /* Sources */ = {
			isa = PBXSourcesBuildPhase;
			buildActionMask = 2147483647;
			files = (
				DBE963FE2EC46A5678CC5122 /* AudioRecorderDurationTests.swift in Sources */,
				95171100A79B4FD51C92AF73 /* AudioRecorderHandoverTests.swift in Sources */,
				BD58016CCCEA3B35C68B307A /* AvatarErrorPresenterTests.swift in Sources */,
				5DE908AEFD1FB51FD79565BA /* PlaybackEndgameChainTests.swift in Sources */,
				707A59AAF2C9619F3909A162 /* RecorderErrorCopyTests.swift in Sources */,
				6B6BB598A338463642687ADC /* SelfCheckYieldBarrierTests.swift in Sources */,
				7C465E62628112B008899B51 /* SpeechPlayerInterruptionTests.swift in Sources */,
			);
			runOnlyForDeploymentPostprocessing = 0;
		};
/* End PBXSourcesBuildPhase section */

/* Begin PBXTargetDependency section */
		651C53D26B4E980B5D9B6338 /* PBXTargetDependency */ = {
			isa = PBXTargetDependency;
			target = 3B9F782E44A10D91CA405688 /* WristAgent Watch App */;
			targetProxy = 3ABDD484832A2B8AC012AB10 /* PBXContainerItemProxy */;
		};
		CD9B13C4307B406F5162154C /* PBXTargetDependency */ = {
			isa = PBXTargetDependency;
			target = 3B9F782E44A10D91CA405688 /* WristAgent Watch App */;
			targetProxy = 5C0E5E45E54971F12131FC3A /* PBXContainerItemProxy */;
		};
/* End PBXTargetDependency section */

/* Begin XCBuildConfiguration section */
		2880F8CCE8AB83B34EE600D3 /* Release */ = {
			isa = XCBuildConfiguration;
			buildSettings = {
				ASSETCATALOG_COMPILER_APPICON_NAME = AppIcon;
				CODE_SIGN_ENTITLEMENTS = iOS/WristAgent.entitlements;
				CODE_SIGN_IDENTITY = "iPhone Developer";
				INFOPLIST_FILE = iOS/Info.plist;
				INFOPLIST_KEY_UISupportedInterfaceOrientations_iPhone = UIInterfaceOrientationPortrait;
				LD_RUNPATH_SEARCH_PATHS = (
					"$(inherited)",
					"@executable_path/Frameworks",
				);
				PRODUCT_BUNDLE_IDENTIFIER = "$(WRISTAGENT_BUNDLE_ID)";
				SDKROOT = iphoneos;
				TARGETED_DEVICE_FAMILY = "1,2";
			};
			name = Release;
		};
		3C2819C71873BB6C0685EE77 /* Release */ = {
			isa = XCBuildConfiguration;
			buildSettings = {
				ALWAYS_SEARCH_USER_PATHS = NO;
				CLANG_ANALYZER_NONNULL = YES;
				CLANG_ANALYZER_NUMBER_OBJECT_CONVERSION = YES_AGGRESSIVE;
				CLANG_CXX_LANGUAGE_STANDARD = "gnu++14";
				CLANG_CXX_LIBRARY = "libc++";
				CLANG_ENABLE_MODULES = YES;
				CLANG_ENABLE_OBJC_ARC = YES;
				CLANG_ENABLE_OBJC_WEAK = YES;
				CLANG_WARN_BLOCK_CAPTURE_AUTORELEASING = YES;
				CLANG_WARN_BOOL_CONVERSION = YES;
				CLANG_WARN_COMMA = YES;
				CLANG_WARN_CONSTANT_CONVERSION = YES;
				CLANG_WARN_DEPRECATED_OBJC_IMPLEMENTATIONS = YES;
				CLANG_WARN_DIRECT_OBJC_ISA_USAGE = YES_ERROR;
				CLANG_WARN_DOCUMENTATION_COMMENTS = YES;
				CLANG_WARN_EMPTY_BODY = YES;
				CLANG_WARN_ENUM_CONVERSION = YES;
				CLANG_WARN_INFINITE_RECURSION = YES;
				CLANG_WARN_INT_CONVERSION = YES;
				CLANG_WARN_NON_LITERAL_NULL_CONVERSION = YES;
				CLANG_WARN_OBJC_IMPLICIT_RETAIN_SELF = YES;
				CLANG_WARN_OBJC_LITERAL_CONVERSION = YES;
				CLANG_WARN_OBJC_ROOT_CLASS = YES_ERROR;
				CLANG_WARN_QUOTED_INCLUDE_IN_FRAMEWORK_HEADER = YES;
				CLANG_WARN_RANGE_LOOP_ANALYSIS = YES;
				CLANG_WARN_STRICT_PROTOTYPES = YES;
				CLANG_WARN_SUSPICIOUS_MOVE = YES;
				CLANG_WARN_UNGUARDED_AVAILABILITY = YES_AGGRESSIVE;
				CLANG_WARN_UNREACHABLE_CODE = YES;
				CLANG_WARN__DUPLICATE_METHOD_MATCH = YES;
				CODE_SIGN_STYLE = Automatic;
				COPY_PHASE_STRIP = NO;
				CURRENT_PROJECT_VERSION = 1;
				DEBUG_INFORMATION_FORMAT = "dwarf-with-dsym";
				DEVELOPMENT_TEAM = "";
				ENABLE_NS_ASSERTIONS = NO;
				ENABLE_STRICT_OBJC_MSGSEND = YES;
				ENABLE_USER_SCRIPT_SANDBOXING = YES;
				GCC_C_LANGUAGE_STANDARD = gnu11;
				GCC_NO_COMMON_BLOCKS = YES;
				GCC_WARN_64_TO_32_BIT_CONVERSION = YES;
				GCC_WARN_ABOUT_RETURN_TYPE = YES_ERROR;
				GCC_WARN_UNDECLARED_SELECTOR = YES;
				GCC_WARN_UNINITIALIZED_AUTOS = YES_AGGRESSIVE;
				GCC_WARN_UNUSED_FUNCTION = YES;
				GCC_WARN_UNUSED_VARIABLE = YES;
				IPHONEOS_DEPLOYMENT_TARGET = 17.0;
				MARKETING_VERSION = 0.1.0;
				MTL_ENABLE_DEBUG_INFO = NO;
				MTL_FAST_MATH = YES;
				PRODUCT_NAME = "$(TARGET_NAME)";
				SWIFT_COMPILATION_MODE = wholemodule;
				SWIFT_OPTIMIZATION_LEVEL = "-O";
				SWIFT_VERSION = 5.0;
				WATCHOS_DEPLOYMENT_TARGET = 10.0;
				WRISTAGENT_BUNDLE_ID = com.benyuan.wristagent.WristAgent;
			};
			name = Release;
		};
		734A491C67E260E595C78600 /* Debug */ = {
			isa = XCBuildConfiguration;
			buildSettings = {
				ASSETCATALOG_COMPILER_APPICON_NAME = AppIcon;
				CODE_SIGN_ENTITLEMENTS = iOS/WristAgent.entitlements;
				CODE_SIGN_IDENTITY = "iPhone Developer";
				INFOPLIST_FILE = iOS/Info.plist;
				INFOPLIST_KEY_UISupportedInterfaceOrientations_iPhone = UIInterfaceOrientationPortrait;
				LD_RUNPATH_SEARCH_PATHS = (
					"$(inherited)",
					"@executable_path/Frameworks",
				);
				PRODUCT_BUNDLE_IDENTIFIER = "$(WRISTAGENT_BUNDLE_ID)";
				SDKROOT = iphoneos;
				TARGETED_DEVICE_FAMILY = "1,2";
			};
			name = Debug;
		};
		73AFF7DFD7FBE07D38D561E5 /* Debug */ = {
			isa = XCBuildConfiguration;
			buildSettings = {
				ALWAYS_SEARCH_USER_PATHS = NO;
				CLANG_ANALYZER_NONNULL = YES;
				CLANG_ANALYZER_NUMBER_OBJECT_CONVERSION = YES_AGGRESSIVE;
				CLANG_CXX_LANGUAGE_STANDARD = "gnu++14";
				CLANG_CXX_LIBRARY = "libc++";
				CLANG_ENABLE_MODULES = YES;
				CLANG_ENABLE_OBJC_ARC = YES;
				CLANG_ENABLE_OBJC_WEAK = YES;
				CLANG_WARN_BLOCK_CAPTURE_AUTORELEASING = YES;
				CLANG_WARN_BOOL_CONVERSION = YES;
				CLANG_WARN_COMMA = YES;
				CLANG_WARN_CONSTANT_CONVERSION = YES;
				CLANG_WARN_DEPRECATED_OBJC_IMPLEMENTATIONS = YES;
				CLANG_WARN_DIRECT_OBJC_ISA_USAGE = YES_ERROR;
				CLANG_WARN_DOCUMENTATION_COMMENTS = YES;
				CLANG_WARN_EMPTY_BODY = YES;
				CLANG_WARN_ENUM_CONVERSION = YES;
				CLANG_WARN_INFINITE_RECURSION = YES;
				CLANG_WARN_INT_CONVERSION = YES;
				CLANG_WARN_NON_LITERAL_NULL_CONVERSION = YES;
				CLANG_WARN_OBJC_IMPLICIT_RETAIN_SELF = YES;
				CLANG_WARN_OBJC_LITERAL_CONVERSION = YES;
				CLANG_WARN_OBJC_ROOT_CLASS = YES_ERROR;
				CLANG_WARN_QUOTED_INCLUDE_IN_FRAMEWORK_HEADER = YES;
				CLANG_WARN_RANGE_LOOP_ANALYSIS = YES;
				CLANG_WARN_STRICT_PROTOTYPES = YES;
				CLANG_WARN_SUSPICIOUS_MOVE = YES;
				CLANG_WARN_UNGUARDED_AVAILABILITY = YES_AGGRESSIVE;
				CLANG_WARN_UNREACHABLE_CODE = YES;
				CLANG_WARN__DUPLICATE_METHOD_MATCH = YES;
				CODE_SIGN_STYLE = Automatic;
				COPY_PHASE_STRIP = NO;
				CURRENT_PROJECT_VERSION = 1;
				DEBUG_INFORMATION_FORMAT = dwarf;
				DEVELOPMENT_TEAM = "";
				ENABLE_STRICT_OBJC_MSGSEND = YES;
				ENABLE_TESTABILITY = YES;
				ENABLE_USER_SCRIPT_SANDBOXING = YES;
				GCC_C_LANGUAGE_STANDARD = gnu11;
				GCC_DYNAMIC_NO_PIC = NO;
				GCC_NO_COMMON_BLOCKS = YES;
				GCC_OPTIMIZATION_LEVEL = 0;
				GCC_PREPROCESSOR_DEFINITIONS = (
					"$(inherited)",
					"DEBUG=1",
				);
				GCC_WARN_64_TO_32_BIT_CONVERSION = YES;
				GCC_WARN_ABOUT_RETURN_TYPE = YES_ERROR;
				GCC_WARN_UNDECLARED_SELECTOR = YES;
				GCC_WARN_UNINITIALIZED_AUTOS = YES_AGGRESSIVE;
				GCC_WARN_UNUSED_FUNCTION = YES;
				GCC_WARN_UNUSED_VARIABLE = YES;
				IPHONEOS_DEPLOYMENT_TARGET = 17.0;
				MARKETING_VERSION = 0.1.0;
				MTL_ENABLE_DEBUG_INFO = INCLUDE_SOURCE;
				MTL_FAST_MATH = YES;
				ONLY_ACTIVE_ARCH = YES;
				PRODUCT_NAME = "$(TARGET_NAME)";
				SWIFT_ACTIVE_COMPILATION_CONDITIONS = DEBUG;
				SWIFT_OPTIMIZATION_LEVEL = "-Onone";
				SWIFT_VERSION = 5.0;
				WATCHOS_DEPLOYMENT_TARGET = 10.0;
				WRISTAGENT_BUNDLE_ID = com.benyuan.wristagent.WristAgent;
			};
			name = Debug;
		};
		7B175453FF778828AB5528C0 /* Debug */ = {
			isa = XCBuildConfiguration;
			buildSettings = {
				ASSETCATALOG_COMPILER_APPICON_NAME = AppIcon;
				CODE_SIGN_ENTITLEMENTS = Watch/WristAgentWatch.entitlements;
				INFOPLIST_FILE = Watch/Info.plist;
				PRODUCT_BUNDLE_IDENTIFIER = "$(WRISTAGENT_BUNDLE_ID).watchkitapp";
				SDKROOT = watchos;
				SKIP_INSTALL = YES;
				TARGETED_DEVICE_FAMILY = 4;
				WATCHOS_DEPLOYMENT_TARGET = 10.0;
			};
			name = Debug;
		};
		C08D2741ADF0A3EC2927B854 /* Release */ = {
			isa = XCBuildConfiguration;
			buildSettings = {
				BUNDLE_LOADER = "$(TEST_HOST)";
				GENERATE_INFOPLIST_FILE = YES;
				LD_RUNPATH_SEARCH_PATHS = (
					"$(inherited)",
					"@executable_path/Frameworks",
					"@loader_path/Frameworks",
				);
				PRODUCT_BUNDLE_IDENTIFIER = "$(WRISTAGENT_BUNDLE_ID).watchkitapp.tests";
				SDKROOT = watchos;
				SKIP_INSTALL = YES;
				TARGETED_DEVICE_FAMILY = 4;
				TEST_HOST = "$(BUILT_PRODUCTS_DIR)/WristAgent Watch App.app/WristAgent Watch App";
				WATCHOS_DEPLOYMENT_TARGET = 10.0;
			};
			name = Release;
		};
		C1018E014A7C2D7D7F9549DC /* Release */ = {
			isa = XCBuildConfiguration;
			buildSettings = {
				ASSETCATALOG_COMPILER_APPICON_NAME = AppIcon;
				CODE_SIGN_ENTITLEMENTS = Watch/WristAgentWatch.entitlements;
				INFOPLIST_FILE = Watch/Info.plist;
				PRODUCT_BUNDLE_IDENTIFIER = "$(WRISTAGENT_BUNDLE_ID).watchkitapp";
				SDKROOT = watchos;
				SKIP_INSTALL = YES;
				TARGETED_DEVICE_FAMILY = 4;
				WATCHOS_DEPLOYMENT_TARGET = 10.0;
			};
			name = Release;
		};
		DA8E0F422DD72BC6B095D433 /* Debug */ = {
			isa = XCBuildConfiguration;
			buildSettings = {
				BUNDLE_LOADER = "$(TEST_HOST)";
				GENERATE_INFOPLIST_FILE = YES;
				LD_RUNPATH_SEARCH_PATHS = (
					"$(inherited)",
					"@executable_path/Frameworks",
					"@loader_path/Frameworks",
				);
				PRODUCT_BUNDLE_IDENTIFIER = "$(WRISTAGENT_BUNDLE_ID).watchkitapp.tests";
				SDKROOT = watchos;
				SKIP_INSTALL = YES;
				TARGETED_DEVICE_FAMILY = 4;
				TEST_HOST = "$(BUILT_PRODUCTS_DIR)/WristAgent Watch App.app/WristAgent Watch App";
				WATCHOS_DEPLOYMENT_TARGET = 10.0;
			};
			name = Debug;
		};
/* End XCBuildConfiguration section */

/* Begin XCConfigurationList section */
		03266D2CD3842F03DDA8362D /* Build configuration list for PBXNativeTarget "WristAgent Watch App" */ = {
			isa = XCConfigurationList;
			buildConfigurations = (
				7B175453FF778828AB5528C0 /* Debug */,
				C1018E014A7C2D7D7F9549DC /* Release */,
			);
			defaultConfigurationIsVisible = 0;
			defaultConfigurationName = Debug;
		};
		58B3A62C267FD5AA4CB5F80D /* Build configuration list for PBXNativeTarget "WristAgent Watch Tests" */ = {
			isa = XCConfigurationList;
			buildConfigurations = (
				DA8E0F422DD72BC6B095D433 /* Debug */,
				C08D2741ADF0A3EC2927B854 /* Release */,
			);
			defaultConfigurationIsVisible = 0;
			defaultConfigurationName = Debug;
		};
		5A8246362B99773025EFC65D /* Build configuration list for PBXNativeTarget "WristAgent" */ = {
			isa = XCConfigurationList;
			buildConfigurations = (
				734A491C67E260E595C78600 /* Debug */,
				2880F8CCE8AB83B34EE600D3 /* Release */,
			);
			defaultConfigurationIsVisible = 0;
			defaultConfigurationName = Debug;
		};
		E8625A09061DDCD41E1426D1 /* Build configuration list for PBXProject "WristAgent" */ = {
			isa = XCConfigurationList;
			buildConfigurations = (
				73AFF7DFD7FBE07D38D561E5 /* Debug */,
				3C2819C71873BB6C0685EE77 /* Release */,
			);
			defaultConfigurationIsVisible = 0;
			defaultConfigurationName = Debug;
		};
/* End XCConfigurationList section */
	};
	rootObject = 85B21323A96B25B07A518363 /* Project object */;
}
